
Microsoft Visual Studio Solution File, Format Version 12.00
# Visual Studio 15
VisualStudioVersion = 15.0.28307.645
MinimumVisualStudioVersion = 10.0.40219.1
Project("{FAE04EC0-301F-11D3-BF4B-00C04F79EFBC}") = "BegCShCollections", "BegCShCollections\BegCShCollections.csproj", "{C17343C0-BE1C-4D2E-AF00-A2CE57078125}"
EndProject
Project("{FAE04EC0-301F-11D3-BF4B-00C04F79EFBC}") = "ACM.BL", "ACM.BL\ACM.BL.csproj", "{E2A9398E-06C5-4AA7-B3D2-96AEA9C0DC68}"
EndProject
Project("{2150E333-8FDC-42A3-9474-1A3956D46DE8}") = "Tests", "Tests", "{BF5E8E4E-231C-4804-9124-B3B751C8FBF7}"
EndProject
Project("{FAE04EC0-301F-11D3-BF4B-00C04F79EFBC}") = "ACM.BL.Test", "ACM.BL.Test\ACM.BL.Test.csproj", "{F5C27A6D-243A-4866-AD6C-6CCBD02F52A2}"
EndProject
Project("{FAE04EC0-301F-11D3-BF4B-00C04F79EFBC}") = "ACME.Common", "ACME.Common\ACME.Common.csproj", "{68D19C4D-9FA1-48B5-B4B2-3202513F16A0}"
EndProject
Project("{FAE04EC0-301F-11D3-BF4B-00C04F79EFBC}") = "Interfaces", "Interfaces\Interfaces.csproj", "{58AC1634-42AC-4EF7-9D0C-42EB073106A5}"
EndProject
Project("{FAE04EC0-301F-11D3-BF4B-00C04F79EFBC}") = "Interfaces.Library", "Interfaces.Library\Interfaces.Library.csproj", "{198D08C7-2F91-49BB-BB81-C8D05C460CAA}"
EndProject
Project("{FAE04EC0-301F-11D3-BF4B-00C04F79EFBC}") = "Interfaces.PeopleViewer", "Interfaces.PeopleViewer\Interfaces.PeopleViewer.csproj", "{CF59C7D2-E978-4F08-8234-F092EA8370FC}"
EndProject
Project("{FAE04EC0-301F-11D3-BF4B-00C04F79EFBC}") = "Interfaces.People.Library", "Interfaces.People.Library\Interfaces.People.Library.csproj", "{FFFF5388-2A95-4982-B86B-A79B086DDA78}"
EndProject
Project("{FAE04EC0-301F-11D3-BF4B-00C04F79EFBC}") = "Interfaces.Common", "Interfaces.Common\Interfaces.Common.csproj", "{8B27AD38-063F-4944-B089-ECC65032FD64}"
EndProject
Project("{2150E333-8FDC-42A3-9474-1A3956D46DE8}") = "AdditionalFiles", "AdditionalFiles", "{E1EE831A-78E3-4F53-BBCA-3824F8D6A1DE}"
	ProjectSection(SolutionItems) = preProject
		..\..\..\..\Desktop\People.db = ..\..\..\..\Desktop\People.db
		..\..\..\..\Desktop\People.txt = ..\..\..\..\Desktop\People.txt
	EndProjectSection
EndProject
Project("{9A19103F-16F7-4668-BE54-9A1E7A4F7556}") = "People.Service", "People.Service\People.Service.csproj", "{D69B27D9-B022-4114-A22C-0B6244261BD2}"
EndProject
Project("{FAE04EC0-301F-11D3-BF4B-00C04F79EFBC}") = "PeopleViewer", "PeopleViewer\PeopleViewer.csproj", "{B09ED0A5-BD38-4AA1-BF39-2F734D5B5EEB}"
EndProject
Project("{9A19103F-16F7-4668-BE54-9A1E7A4F7556}") = "PersonRepository.CSV", "PersonRepository.CSV\PersonRepository.CSV.csproj", "{C3FED3E3-3D00-4115-9515-B15D9BCDA2C0}"
EndProject
Project("{9A19103F-16F7-4668-BE54-9A1E7A4F7556}") = "PersonRepository.Factory", "PersonRepository.Factory\PersonRepository.Factory.csproj", "{29E49DC2-C616-441E-855F-EE896E1C6C55}"
EndProject
Project("{9A19103F-16F7-4668-BE54-9A1E7A4F7556}") = "PersonRepository.Interface", "PersonRepository.Interface\PersonRepository.Interface.csproj", "{B46C76A4-958F-4096-A5FA-8B3DDBF5185F}"
EndProject
Project("{9A19103F-16F7-4668-BE54-9A1E7A4F7556}") = "PersonRepository.Service", "PersonRepository.Service\PersonRepository.Service.csproj", "{32769252-871E-4CBC-BBF5-3CEF70115C0E}"
EndProject
Project("{9A19103F-16F7-4668-BE54-9A1E7A4F7556}") = "PersonRepository.SQL", "PersonRepository.SQL\PersonRepository.SQL.csproj", "{ACDCC158-81EC-4A61-BDEF-90CBC186CEB8}"
EndProject
Project("{FAE04EC0-301F-11D3-BF4B-00C04F79EFBC}") = "PeopleViewer.Layered", "PeopleViewer.Layered\PeopleViewer.Layered.csproj", "{113C3648-8220-4227-8BC8-8003BFE5022A}"
EndProject
Project("{FAE04EC0-301F-11D3-BF4B-00C04F79EFBC}") = "PeopleViewer.Test", "PeopleViewer.Test\PeopleViewer.Test.csproj", "{4C515105-7B54-4FD0-996D-C70EDB92D2D0}"
EndProject
Project("{9A19103F-16F7-4668-BE54-9A1E7A4F7556}") = "PersonRepository.Fake", "PersonRepository.Fake\PersonRepository.Fake.csproj", "{2844CF58-C0EC-46EE-A694-36A1C07C5F4C}"
EndProject
Project("{FAE04EC0-301F-11D3-BF4B-00C04F79EFBC}") = "OddNumbers", "OddNumbers\OddNumbers.csproj", "{8B9BAD56-D242-4CE1-B63C-A05DDFD09CFD}"
EndProject
Project("{FAE04EC0-301F-11D3-BF4B-00C04F79EFBC}") = "PeopleViewer.Ninject", "PeopleViewer.Ninject\PeopleViewer.Ninject.csproj", "{A8F28521-413D-4E59-82AD-24C6D2B1DA4B}"
EndProject
Project("{9A19103F-16F7-4668-BE54-9A1E7A4F7556}") = "PeopleViewer.Presentation", "PeopleViewer.Presentation\PeopleViewer.Presentation.csproj", "{4D53A799-65CA-43F2-B6F8-0EEFBBDBF5A7}"
EndProject
Project("{FAE04EC0-301F-11D3-BF4B-00C04F79EFBC}") = "PeopleViewer.Presentation.Tests", "PeopleViewer.Presentation.Tests\PeopleViewer.Presentation.Tests.csproj", "{8BB096F4-1DB0-4038-BA69-A4F75406D336}"
EndProject
Project("{9A19103F-16F7-4668-BE54-9A1E7A4F7556}") = "PersonRepository.Caching", "PersonRepository.Caching\PersonRepository.Caching.csproj", "{62C395AB-60AC-4F85-9F0B-C67E5CAD51B5}"
EndProject
Project("{FAE04EC0-301F-11D3-BF4B-00C04F79EFBC}") = "LINQ.Introduction", "LINQ.Introduction\LINQ.Introduction.csproj", "{B5730B80-00FD-4CAF-881E-C1AB545D5075}"
EndProject
Project("{FAE04EC0-301F-11D3-BF4B-00C04F79EFBC}") = "LINQ.Features", "LINQ.Features\LINQ.Features.csproj", "{F8D62EC1-9258-4841-9662-4F865BC52034}"
EndProject
Project("{FAE04EC0-301F-11D3-BF4B-00C04F79EFBC}") = "LINQ.Queries", "LINQ.Queries\LINQ.Queries.csproj", "{77DAA85F-5BCE-47E8-901D-B4E5E448AB91}"
EndProject
Project("{FAE04EC0-301F-11D3-BF4B-00C04F79EFBC}") = "LINQ.Cars", "LINQ.Cars\LINQ.Cars.csproj", "{00436682-57B4-4712-9442-5D2A6C491B5B}"
EndProject
Project("{FAE04EC0-301F-11D3-BF4B-00C04F79EFBC}") = "LINQ.XML", "LINQ.XML\LINQ.XML.csproj", "{8A044B04-52FC-4068-B726-804BD00221AC}"
EndProject
Project("{FAE04EC0-301F-11D3-BF4B-00C04F79EFBC}") = "ACM.Win", "ACM.Win\ACM.Win.csproj", "{856CA2B8-8C37-4F7D-97F6-8F072FE063CE}"
EndProject
Project("{FAE04EC0-301F-11D3-BF4B-00C04F79EFBC}") = "EDEH.BasicWebEvents", "EDEH.BasicWebEvents\EDEH.BasicWebEvents.csproj", "{0B53AB55-38A7-4F8B-8B75-442B16F0AB9E}"
EndProject
Project("{FAE04EC0-301F-11D3-BF4B-00C04F79EFBC}") = "EDEH.BasicWindowsEvents", "EDEH.BasicWindowsEvents\EDEH.BasicWindowsEvents.csproj", "{A8F34E0C-91B9-475C-9899-B1BBB64E88FE}"
EndProject
Project("{FAE04EC0-301F-11D3-BF4B-00C04F79EFBC}") = "EDEH.DelegatesAndEvents", "EDEH.DelegatesAndEvents\EDEH.DelegatesAndEvents.csproj", "{8F7C4634-6FC3-4A56-A4FF-C2FB2B9A9985}"
EndProject
Project("{FAE04EC0-301F-11D3-BF4B-00C04F79EFBC}") = "EDH.LambdasAndDelegates", "EDH.LambdasAndDelegates\EDH.LambdasAndDelegates.csproj", "{166305B6-CADC-48FD-879E-1BC05215F189}"
EndProject
Project("{FAE04EC0-301F-11D3-BF4B-00C04F79EFBC}") = "EDEH.CommunicatingBetweenControls", "EDEH.CommunicatingBetweenControls\EDEH.CommunicatingBetweenControls.csproj", "{CD8CBEB6-507B-4758-8A6E-C4A7026E6259}"
EndProject
Project("{FAE04EC0-301F-11D3-BF4B-00C04F79EFBC}") = "EDEH.TheadsAndDelegates", "EDEH.AsyncDelegatesAndThreading\EDEH.TheadsAndDelegates.csproj", "{0D0E29E4-AE37-4058-8159-E7D67C8DDB9C}"
EndProject
Global
	GlobalSection(SolutionConfigurationPlatforms) = preSolution
		Debug|Any CPU = Debug|Any CPU
		Debug|x86 = Debug|x86
		Release|Any CPU = Release|Any CPU
		Release|x86 = Release|x86
	EndGlobalSection
	GlobalSection(ProjectConfigurationPlatforms) = postSolution
		{C17343C0-BE1C-4D2E-AF00-A2CE57078125}.Debug|Any CPU.ActiveCfg = Debug|Any CPU
		{C17343C0-BE1C-4D2E-AF00-A2CE57078125}.Debug|Any CPU.Build.0 = Debug|Any CPU
		{C17343C0-BE1C-4D2E-AF00-A2CE57078125}.Debug|x86.ActiveCfg = Debug|Any CPU
		{C17343C0-BE1C-4D2E-AF00-A2CE57078125}.Release|Any CPU.ActiveCfg = Release|Any CPU
		{C17343C0-BE1C-4D2E-AF00-A2CE57078125}.Release|Any CPU.Build.0 = Release|Any CPU
		{C17343C0-BE1C-4D2E-AF00-A2CE57078125}.Release|x86.ActiveCfg = Release|Any CPU
		{E2A9398E-06C5-4AA7-B3D2-96AEA9C0DC68}.Debug|Any CPU.ActiveCfg = Debug|Any CPU
		{E2A9398E-06C5-4AA7-B3D2-96AEA9C0DC68}.Debug|Any CPU.Build.0 = Debug|Any CPU
		{E2A9398E-06C5-4AA7-B3D2-96AEA9C0DC68}.Debug|x86.ActiveCfg = Debug|Any CPU
		{E2A9398E-06C5-4AA7-B3D2-96AEA9C0DC68}.Debug|x86.Build.0 = Debug|Any CPU
		{E2A9398E-06C5-4AA7-B3D2-96AEA9C0DC68}.Release|Any CPU.ActiveCfg = Release|Any CPU
		{E2A9398E-06C5-4AA7-B3D2-96AEA9C0DC68}.Release|Any CPU.Build.0 = Release|Any CPU
		{E2A9398E-06C5-4AA7-B3D2-96AEA9C0DC68}.Release|x86.ActiveCfg = Release|Any CPU
		{E2A9398E-06C5-4AA7-B3D2-96AEA9C0DC68}.Release|x86.Build.0 = Release|Any CPU
		{F5C27A6D-243A-4866-AD6C-6CCBD02F52A2}.Debug|Any CPU.ActiveCfg = Debug|Any CPU
		{F5C27A6D-243A-4866-AD6C-6CCBD02F52A2}.Debug|Any CPU.Build.0 = Debug|Any CPU
		{F5C27A6D-243A-4866-AD6C-6CCBD02F52A2}.Debug|x86.ActiveCfg = Debug|Any CPU
		{F5C27A6D-243A-4866-AD6C-6CCBD02F52A2}.Release|Any CPU.ActiveCfg = Release|Any CPU
		{F5C27A6D-243A-4866-AD6C-6CCBD02F52A2}.Release|Any CPU.Build.0 = Release|Any CPU
		{F5C27A6D-243A-4866-AD6C-6CCBD02F52A2}.Release|x86.ActiveCfg = Release|Any CPU
		{68D19C4D-9FA1-48B5-B4B2-3202513F16A0}.Debug|Any CPU.ActiveCfg = Debug|Any CPU
		{68D19C4D-9FA1-48B5-B4B2-3202513F16A0}.Debug|Any CPU.Build.0 = Debug|Any CPU
		{68D19C4D-9FA1-48B5-B4B2-3202513F16A0}.Debug|x86.ActiveCfg = Debug|Any CPU
		{68D19C4D-9FA1-48B5-B4B2-3202513F16A0}.Debug|x86.Build.0 = Debug|Any CPU
		{68D19C4D-9FA1-48B5-B4B2-3202513F16A0}.Release|Any CPU.ActiveCfg = Release|Any CPU
		{68D19C4D-9FA1-48B5-B4B2-3202513F16A0}.Release|Any CPU.Build.0 = Release|Any CPU
		{68D19C4D-9FA1-48B5-B4B2-3202513F16A0}.Release|x86.ActiveCfg = Release|Any CPU
		{68D19C4D-9FA1-48B5-B4B2-3202513F16A0}.Release|x86.Build.0 = Release|Any CPU
		{58AC1634-42AC-4EF7-9D0C-42EB073106A5}.Debug|Any CPU.ActiveCfg = Debug|Any CPU
		{58AC1634-42AC-4EF7-9D0C-42EB073106A5}.Debug|Any CPU.Build.0 = Debug|Any CPU
		{58AC1634-42AC-4EF7-9D0C-42EB073106A5}.Debug|x86.ActiveCfg = Debug|Any CPU
		{58AC1634-42AC-4EF7-9D0C-42EB073106A5}.Release|Any CPU.ActiveCfg = Release|Any CPU
		{58AC1634-42AC-4EF7-9D0C-42EB073106A5}.Release|Any CPU.Build.0 = Release|Any CPU
		{58AC1634-42AC-4EF7-9D0C-42EB073106A5}.Release|x86.ActiveCfg = Release|Any CPU
		{198D08C7-2F91-49BB-BB81-C8D05C460CAA}.Debug|Any CPU.ActiveCfg = Debug|Any CPU
		{198D08C7-2F91-49BB-BB81-C8D05C460CAA}.Debug|Any CPU.Build.0 = Debug|Any CPU
		{198D08C7-2F91-49BB-BB81-C8D05C460CAA}.Debug|x86.ActiveCfg = Debug|Any CPU
		{198D08C7-2F91-49BB-BB81-C8D05C460CAA}.Release|Any CPU.ActiveCfg = Release|Any CPU
		{198D08C7-2F91-49BB-BB81-C8D05C460CAA}.Release|Any CPU.Build.0 = Release|Any CPU
		{198D08C7-2F91-49BB-BB81-C8D05C460CAA}.Release|x86.ActiveCfg = Release|Any CPU
		{CF59C7D2-E978-4F08-8234-F092EA8370FC}.Debug|Any CPU.ActiveCfg = Debug|Any CPU
		{CF59C7D2-E978-4F08-8234-F092EA8370FC}.Debug|Any CPU.Build.0 = Debug|Any CPU
		{CF59C7D2-E978-4F08-8234-F092EA8370FC}.Debug|x86.ActiveCfg = Debug|Any CPU
		{CF59C7D2-E978-4F08-8234-F092EA8370FC}.Release|Any CPU.ActiveCfg = Release|Any CPU
		{CF59C7D2-E978-4F08-8234-F092EA8370FC}.Release|Any CPU.Build.0 = Release|Any CPU
		{CF59C7D2-E978-4F08-8234-F092EA8370FC}.Release|x86.ActiveCfg = Release|Any CPU
		{FFFF5388-2A95-4982-B86B-A79B086DDA78}.Debug|Any CPU.ActiveCfg = Debug|Any CPU
		{FFFF5388-2A95-4982-B86B-A79B086DDA78}.Debug|Any CPU.Build.0 = Debug|Any CPU
		{FFFF5388-2A95-4982-B86B-A79B086DDA78}.Debug|x86.ActiveCfg = Debug|Any CPU
		{FFFF5388-2A95-4982-B86B-A79B086DDA78}.Release|Any CPU.ActiveCfg = Release|Any CPU
		{FFFF5388-2A95-4982-B86B-A79B086DDA78}.Release|Any CPU.Build.0 = Release|Any CPU
		{FFFF5388-2A95-4982-B86B-A79B086DDA78}.Release|x86.ActiveCfg = Release|Any CPU
		{8B27AD38-063F-4944-B089-ECC65032FD64}.Debug|Any CPU.ActiveCfg = Debug|Any CPU
		{8B27AD38-063F-4944-B089-ECC65032FD64}.Debug|Any CPU.Build.0 = Debug|Any CPU
		{8B27AD38-063F-4944-B089-ECC65032FD64}.Debug|x86.ActiveCfg = Debug|Any CPU
		{8B27AD38-063F-4944-B089-ECC65032FD64}.Release|Any CPU.ActiveCfg = Release|Any CPU
		{8B27AD38-063F-4944-B089-ECC65032FD64}.Release|Any CPU.Build.0 = Release|Any CPU
		{8B27AD38-063F-4944-B089-ECC65032FD64}.Release|x86.ActiveCfg = Release|Any CPU
		{D69B27D9-B022-4114-A22C-0B6244261BD2}.Debug|Any CPU.ActiveCfg = Debug|Any CPU
		{D69B27D9-B022-4114-A22C-0B6244261BD2}.Debug|Any CPU.Build.0 = Debug|Any CPU
		{D69B27D9-B022-4114-A22C-0B6244261BD2}.Debug|x86.ActiveCfg = Debug|Any CPU
		{D69B27D9-B022-4114-A22C-0B6244261BD2}.Release|Any CPU.ActiveCfg = Release|Any CPU
		{D69B27D9-B022-4114-A22C-0B6244261BD2}.Release|Any CPU.Build.0 = Release|Any CPU
		{D69B27D9-B022-4114-A22C-0B6244261BD2}.Release|x86.ActiveCfg = Release|Any CPU
		{B09ED0A5-BD38-4AA1-BF39-2F734D5B5EEB}.Debug|Any CPU.ActiveCfg = Debug|Any CPU
		{B09ED0A5-BD38-4AA1-BF39-2F734D5B5EEB}.Debug|Any CPU.Build.0 = Debug|Any CPU
		{B09ED0A5-BD38-4AA1-BF39-2F734D5B5EEB}.Debug|x86.ActiveCfg = Debug|Any CPU
		{B09ED0A5-BD38-4AA1-BF39-2F734D5B5EEB}.Release|Any CPU.ActiveCfg = Release|Any CPU
		{B09ED0A5-BD38-4AA1-BF39-2F734D5B5EEB}.Release|Any CPU.Build.0 = Release|Any CPU
		{B09ED0A5-BD38-4AA1-BF39-2F734D5B5EEB}.Release|x86.ActiveCfg = Release|Any CPU
		{C3FED3E3-3D00-4115-9515-B15D9BCDA2C0}.Debug|Any CPU.ActiveCfg = Debug|Any CPU
		{C3FED3E3-3D00-4115-9515-B15D9BCDA2C0}.Debug|Any CPU.Build.0 = Debug|Any CPU
		{C3FED3E3-3D00-4115-9515-B15D9BCDA2C0}.Debug|x86.ActiveCfg = Debug|Any CPU
		{C3FED3E3-3D00-4115-9515-B15D9BCDA2C0}.Release|Any CPU.ActiveCfg = Release|Any CPU
		{C3FED3E3-3D00-4115-9515-B15D9BCDA2C0}.Release|Any CPU.Build.0 = Release|Any CPU
		{C3FED3E3-3D00-4115-9515-B15D9BCDA2C0}.Release|x86.ActiveCfg = Release|Any CPU
		{29E49DC2-C616-441E-855F-EE896E1C6C55}.Debug|Any CPU.ActiveCfg = Debug|Any CPU
		{29E49DC2-C616-441E-855F-EE896E1C6C55}.Debug|Any CPU.Build.0 = Debug|Any CPU
		{29E49DC2-C616-441E-855F-EE896E1C6C55}.Debug|x86.ActiveCfg = Debug|Any CPU
		{29E49DC2-C616-441E-855F-EE896E1C6C55}.Release|Any CPU.ActiveCfg = Release|Any CPU
		{29E49DC2-C616-441E-855F-EE896E1C6C55}.Release|Any CPU.Build.0 = Release|Any CPU
		{29E49DC2-C616-441E-855F-EE896E1C6C55}.Release|x86.ActiveCfg = Release|Any CPU
		{B46C76A4-958F-4096-A5FA-8B3DDBF5185F}.Debug|Any CPU.ActiveCfg = Debug|Any CPU
		{B46C76A4-958F-4096-A5FA-8B3DDBF5185F}.Debug|Any CPU.Build.0 = Debug|Any CPU
		{B46C76A4-958F-4096-A5FA-8B3DDBF5185F}.Debug|x86.ActiveCfg = Debug|Any CPU
		{B46C76A4-958F-4096-A5FA-8B3DDBF5185F}.Release|Any CPU.ActiveCfg = Release|Any CPU
		{B46C76A4-958F-4096-A5FA-8B3DDBF5185F}.Release|Any CPU.Build.0 = Release|Any CPU
		{B46C76A4-958F-4096-A5FA-8B3DDBF5185F}.Release|x86.ActiveCfg = Release|Any CPU
		{32769252-871E-4CBC-BBF5-3CEF70115C0E}.Debug|Any CPU.ActiveCfg = Debug|Any CPU
		{32769252-871E-4CBC-BBF5-3CEF70115C0E}.Debug|Any CPU.Build.0 = Debug|Any CPU
		{32769252-871E-4CBC-BBF5-3CEF70115C0E}.Debug|x86.ActiveCfg = Debug|Any CPU
		{32769252-871E-4CBC-BBF5-3CEF70115C0E}.Release|Any CPU.ActiveCfg = Release|Any CPU
		{32769252-871E-4CBC-BBF5-3CEF70115C0E}.Release|Any CPU.Build.0 = Release|Any CPU
		{32769252-871E-4CBC-BBF5-3CEF70115C0E}.Release|x86.ActiveCfg = Release|Any CPU
		{ACDCC158-81EC-4A61-BDEF-90CBC186CEB8}.Debug|Any CPU.ActiveCfg = Debug|Any CPU
		{ACDCC158-81EC-4A61-BDEF-90CBC186CEB8}.Debug|Any CPU.Build.0 = Debug|Any CPU
		{ACDCC158-81EC-4A61-BDEF-90CBC186CEB8}.Debug|x86.ActiveCfg = Debug|Any CPU
		{ACDCC158-81EC-4A61-BDEF-90CBC186CEB8}.Release|Any CPU.ActiveCfg = Release|Any CPU
		{ACDCC158-81EC-4A61-BDEF-90CBC186CEB8}.Release|Any CPU.Build.0 = Release|Any CPU
		{ACDCC158-81EC-4A61-BDEF-90CBC186CEB8}.Release|x86.ActiveCfg = Release|Any CPU
		{113C3648-8220-4227-8BC8-8003BFE5022A}.Debug|Any CPU.ActiveCfg = Debug|Any CPU
		{113C3648-8220-4227-8BC8-8003BFE5022A}.Debug|Any CPU.Build.0 = Debug|Any CPU
		{113C3648-8220-4227-8BC8-8003BFE5022A}.Debug|x86.ActiveCfg = Debug|Any CPU
		{113C3648-8220-4227-8BC8-8003BFE5022A}.Release|Any CPU.ActiveCfg = Release|Any CPU
		{113C3648-8220-4227-8BC8-8003BFE5022A}.Release|Any CPU.Build.0 = Release|Any CPU
		{113C3648-8220-4227-8BC8-8003BFE5022A}.Release|x86.ActiveCfg = Release|Any CPU
		{4C515105-7B54-4FD0-996D-C70EDB92D2D0}.Debug|Any CPU.ActiveCfg = Debug|Any CPU
		{4C515105-7B54-4FD0-996D-C70EDB92D2D0}.Debug|Any CPU.Build.0 = Debug|Any CPU
		{4C515105-7B54-4FD0-996D-C70EDB92D2D0}.Debug|x86.ActiveCfg = Debug|Any CPU
		{4C515105-7B54-4FD0-996D-C70EDB92D2D0}.Release|Any CPU.ActiveCfg = Release|Any CPU
		{4C515105-7B54-4FD0-996D-C70EDB92D2D0}.Release|Any CPU.Build.0 = Release|Any CPU
		{4C515105-7B54-4FD0-996D-C70EDB92D2D0}.Release|x86.ActiveCfg = Release|Any CPU
		{2844CF58-C0EC-46EE-A694-36A1C07C5F4C}.Debug|Any CPU.ActiveCfg = Debug|Any CPU
		{2844CF58-C0EC-46EE-A694-36A1C07C5F4C}.Debug|Any CPU.Build.0 = Debug|Any CPU
		{2844CF58-C0EC-46EE-A694-36A1C07C5F4C}.Debug|x86.ActiveCfg = Debug|Any CPU
		{2844CF58-C0EC-46EE-A694-36A1C07C5F4C}.Release|Any CPU.ActiveCfg = Release|Any CPU
		{2844CF58-C0EC-46EE-A694-36A1C07C5F4C}.Release|Any CPU.Build.0 = Release|Any CPU
		{2844CF58-C0EC-46EE-A694-36A1C07C5F4C}.Release|x86.ActiveCfg = Release|Any CPU
		{8B9BAD56-D242-4CE1-B63C-A05DDFD09CFD}.Debug|Any CPU.ActiveCfg = Debug|Any CPU
		{8B9BAD56-D242-4CE1-B63C-A05DDFD09CFD}.Debug|Any CPU.Build.0 = Debug|Any CPU
		{8B9BAD56-D242-4CE1-B63C-A05DDFD09CFD}.Debug|x86.ActiveCfg = Debug|Any CPU
		{8B9BAD56-D242-4CE1-B63C-A05DDFD09CFD}.Release|Any CPU.ActiveCfg = Release|Any CPU
		{8B9BAD56-D242-4CE1-B63C-A05DDFD09CFD}.Release|Any CPU.Build.0 = Release|Any CPU
		{8B9BAD56-D242-4CE1-B63C-A05DDFD09CFD}.Release|x86.ActiveCfg = Release|Any CPU
		{A8F28521-413D-4E59-82AD-24C6D2B1DA4B}.Debug|Any CPU.ActiveCfg = Debug|Any CPU
		{A8F28521-413D-4E59-82AD-24C6D2B1DA4B}.Debug|Any CPU.Build.0 = Debug|Any CPU
		{A8F28521-413D-4E59-82AD-24C6D2B1DA4B}.Debug|x86.ActiveCfg = Debug|Any CPU
		{A8F28521-413D-4E59-82AD-24C6D2B1DA4B}.Release|Any CPU.ActiveCfg = Release|Any CPU
		{A8F28521-413D-4E59-82AD-24C6D2B1DA4B}.Release|Any CPU.Build.0 = Release|Any CPU
		{A8F28521-413D-4E59-82AD-24C6D2B1DA4B}.Release|x86.ActiveCfg = Release|Any CPU
		{4D53A799-65CA-43F2-B6F8-0EEFBBDBF5A7}.Debug|Any CPU.ActiveCfg = Debug|Any CPU
		{4D53A799-65CA-43F2-B6F8-0EEFBBDBF5A7}.Debug|Any CPU.Build.0 = Debug|Any CPU
		{4D53A799-65CA-43F2-B6F8-0EEFBBDBF5A7}.Debug|x86.ActiveCfg = Debug|Any CPU
		{4D53A799-65CA-43F2-B6F8-0EEFBBDBF5A7}.Release|Any CPU.ActiveCfg = Release|Any CPU
		{4D53A799-65CA-43F2-B6F8-0EEFBBDBF5A7}.Release|Any CPU.Build.0 = Release|Any CPU
		{4D53A799-65CA-43F2-B6F8-0EEFBBDBF5A7}.Release|x86.ActiveCfg = Release|Any CPU
		{8BB096F4-1DB0-4038-BA69-A4F75406D336}.Debug|Any CPU.ActiveCfg = Debug|Any CPU
		{8BB096F4-1DB0-4038-BA69-A4F75406D336}.Debug|Any CPU.Build.0 = Debug|Any CPU
		{8BB096F4-1DB0-4038-BA69-A4F75406D336}.Debug|x86.ActiveCfg = Debug|Any CPU
		{8BB096F4-1DB0-4038-BA69-A4F75406D336}.Release|Any CPU.ActiveCfg = Release|Any CPU
		{8BB096F4-1DB0-4038-BA69-A4F75406D336}.Release|Any CPU.Build.0 = Release|Any CPU
		{8BB096F4-1DB0-4038-BA69-A4F75406D336}.Release|x86.ActiveCfg = Release|Any CPU
		{62C395AB-60AC-4F85-9F0B-C67E5CAD51B5}.Debug|Any CPU.ActiveCfg = Debug|Any CPU
		{62C395AB-60AC-4F85-9F0B-C67E5CAD51B5}.Debug|Any CPU.Build.0 = Debug|Any CPU
		{62C395AB-60AC-4F85-9F0B-C67E5CAD51B5}.Debug|x86.ActiveCfg = Debug|Any CPU
		{62C395AB-60AC-4F85-9F0B-C67E5CAD51B5}.Release|Any CPU.ActiveCfg = Release|Any CPU
		{62C395AB-60AC-4F85-9F0B-C67E5CAD51B5}.Release|Any CPU.Build.0 = Release|Any CPU
		{62C395AB-60AC-4F85-9F0B-C67E5CAD51B5}.Release|x86.ActiveCfg = Release|Any CPU
		{B5730B80-00FD-4CAF-881E-C1AB545D5075}.Debug|Any CPU.ActiveCfg = Debug|Any CPU
		{B5730B80-00FD-4CAF-881E-C1AB545D5075}.Debug|Any CPU.Build.0 = Debug|Any CPU
		{B5730B80-00FD-4CAF-881E-C1AB545D5075}.Debug|x86.ActiveCfg = Debug|Any CPU
		{B5730B80-00FD-4CAF-881E-C1AB545D5075}.Release|Any CPU.ActiveCfg = Release|Any CPU
		{B5730B80-00FD-4CAF-881E-C1AB545D5075}.Release|Any CPU.Build.0 = Release|Any CPU
		{B5730B80-00FD-4CAF-881E-C1AB545D5075}.Release|x86.ActiveCfg = Release|Any CPU
		{F8D62EC1-9258-4841-9662-4F865BC52034}.Debug|Any CPU.ActiveCfg = Debug|Any CPU
		{F8D62EC1-9258-4841-9662-4F865BC52034}.Debug|Any CPU.Build.0 = Debug|Any CPU
		{F8D62EC1-9258-4841-9662-4F865BC52034}.Debug|x86.ActiveCfg = Debug|Any CPU
		{F8D62EC1-9258-4841-9662-4F865BC52034}.Release|Any CPU.ActiveCfg = Release|Any CPU
		{F8D62EC1-9258-4841-9662-4F865BC52034}.Release|Any CPU.Build.0 = Release|Any CPU
		{F8D62EC1-9258-4841-9662-4F865BC52034}.Release|x86.ActiveCfg = Release|Any CPU
		{77DAA85F-5BCE-47E8-901D-B4E5E448AB91}.Debug|Any CPU.ActiveCfg = Debug|Any CPU
		{77DAA85F-5BCE-47E8-901D-B4E5E448AB91}.Debug|Any CPU.Build.0 = Debug|Any CPU
		{77DAA85F-5BCE-47E8-901D-B4E5E448AB91}.Debug|x86.ActiveCfg = Debug|Any CPU
		{77DAA85F-5BCE-47E8-901D-B4E5E448AB91}.Release|Any CPU.ActiveCfg = Release|Any CPU
		{77DAA85F-5BCE-47E8-901D-B4E5E448AB91}.Release|Any CPU.Build.0 = Release|Any CPU
		{77DAA85F-5BCE-47E8-901D-B4E5E448AB91}.Release|x86.ActiveCfg = Release|Any CPU
		{00436682-57B4-4712-9442-5D2A6C491B5B}.Debug|Any CPU.ActiveCfg = Debug|Any CPU
		{00436682-57B4-4712-9442-5D2A6C491B5B}.Debug|Any CPU.Build.0 = Debug|Any CPU
		{00436682-57B4-4712-9442-5D2A6C491B5B}.Debug|x86.ActiveCfg = Debug|Any CPU
		{00436682-57B4-4712-9442-5D2A6C491B5B}.Release|Any CPU.ActiveCfg = Release|Any CPU
		{00436682-57B4-4712-9442-5D2A6C491B5B}.Release|Any CPU.Build.0 = Release|Any CPU
		{00436682-57B4-4712-9442-5D2A6C491B5B}.Release|x86.ActiveCfg = Release|Any CPU
		{8A044B04-52FC-4068-B726-804BD00221AC}.Debug|Any CPU.ActiveCfg = Debug|Any CPU
		{8A044B04-52FC-4068-B726-804BD00221AC}.Debug|Any CPU.Build.0 = Debug|Any CPU
		{8A044B04-52FC-4068-B726-804BD00221AC}.Debug|x86.ActiveCfg = Debug|Any CPU
		{8A044B04-52FC-4068-B726-804BD00221AC}.Release|Any CPU.ActiveCfg = Release|Any CPU
		{8A044B04-52FC-4068-B726-804BD00221AC}.Release|Any CPU.Build.0 = Release|Any CPU
		{8A044B04-52FC-4068-B726-804BD00221AC}.Release|x86.ActiveCfg = Release|Any CPU
		{856CA2B8-8C37-4F7D-97F6-8F072FE063CE}.Debug|Any CPU.ActiveCfg = Debug|Any CPU
		{856CA2B8-8C37-4F7D-97F6-8F072FE063CE}.Debug|Any CPU.Build.0 = Debug|Any CPU
		{856CA2B8-8C37-4F7D-97F6-8F072FE063CE}.Debug|x86.ActiveCfg = Debug|x86
		{856CA2B8-8C37-4F7D-97F6-8F072FE063CE}.Debug|x86.Build.0 = Debug|x86
		{856CA2B8-8C37-4F7D-97F6-8F072FE063CE}.Release|Any CPU.ActiveCfg = Release|Any CPU
		{856CA2B8-8C37-4F7D-97F6-8F072FE063CE}.Release|Any CPU.Build.0 = Release|Any CPU
		{856CA2B8-8C37-4F7D-97F6-8F072FE063CE}.Release|x86.ActiveCfg = Release|x86
		{856CA2B8-8C37-4F7D-97F6-8F072FE063CE}.Release|x86.Build.0 = Release|x86
		{0B53AB55-38A7-4F8B-8B75-442B16F0AB9E}.Debug|Any CPU.ActiveCfg = Debug|Any CPU
		{0B53AB55-38A7-4F8B-8B75-442B16F0AB9E}.Debug|Any CPU.Build.0 = Debug|Any CPU
		{0B53AB55-38A7-4F8B-8B75-442B16F0AB9E}.Debug|x86.ActiveCfg = Debug|Any CPU
		{0B53AB55-38A7-4F8B-8B75-442B16F0AB9E}.Debug|x86.Build.0 = Debug|Any CPU
		{0B53AB55-38A7-4F8B-8B75-442B16F0AB9E}.Release|Any CPU.ActiveCfg = Release|Any CPU
		{0B53AB55-38A7-4F8B-8B75-442B16F0AB9E}.Release|Any CPU.Build.0 = Release|Any CPU
		{0B53AB55-38A7-4F8B-8B75-442B16F0AB9E}.Release|x86.ActiveCfg = Release|Any CPU
		{0B53AB55-38A7-4F8B-8B75-442B16F0AB9E}.Release|x86.Build.0 = Release|Any CPU
		{A8F34E0C-91B9-475C-9899-B1BBB64E88FE}.Debug|Any CPU.ActiveCfg = Debug|Any CPU
		{A8F34E0C-91B9-475C-9899-B1BBB64E88FE}.Debug|Any CPU.Build.0 = Debug|Any CPU
		{A8F34E0C-91B9-475C-9899-B1BBB64E88FE}.Debug|x86.ActiveCfg = Debug|Any CPU
		{A8F34E0C-91B9-475C-9899-B1BBB64E88FE}.Debug|x86.Build.0 = Debug|Any CPU
		{A8F34E0C-91B9-475C-9899-B1BBB64E88FE}.Release|Any CPU.ActiveCfg = Release|Any CPU
		{A8F34E0C-91B9-475C-9899-B1BBB64E88FE}.Release|Any CPU.Build.0 = Release|Any CPU
		{A8F34E0C-91B9-475C-9899-B1BBB64E88FE}.Release|x86.ActiveCfg = Release|Any CPU
		{A8F34E0C-91B9-475C-9899-B1BBB64E88FE}.Release|x86.Build.0 = Release|Any CPU
		{8F7C4634-6FC3-4A56-A4FF-C2FB2B9A9985}.Debug|Any CPU.ActiveCfg = Debug|Any CPU
		{8F7C4634-6FC3-4A56-A4FF-C2FB2B9A9985}.Debug|Any CPU.Build.0 = Debug|Any CPU
		{8F7C4634-6FC3-4A56-A4FF-C2FB2B9A9985}.Debug|x86.ActiveCfg = Debug|Any CPU
		{8F7C4634-6FC3-4A56-A4FF-C2FB2B9A9985}.Debug|x86.Build.0 = Debug|Any CPU
		{8F7C4634-6FC3-4A56-A4FF-C2FB2B9A9985}.Release|Any CPU.ActiveCfg = Release|Any CPU
		{8F7C4634-6FC3-4A56-A4FF-C2FB2B9A9985}.Release|Any CPU.Build.0 = Release|Any CPU
		{8F7C4634-6FC3-4A56-A4FF-C2FB2B9A9985}.Release|x86.ActiveCfg = Release|Any CPU
		{8F7C4634-6FC3-4A56-A4FF-C2FB2B9A9985}.Release|x86.Build.0 = Release|Any CPU
		{166305B6-CADC-48FD-879E-1BC05215F189}.Debug|Any CPU.ActiveCfg = Debug|Any CPU
		{166305B6-CADC-48FD-879E-1BC05215F189}.Debug|Any CPU.Build.0 = Debug|Any CPU
		{166305B6-CADC-48FD-879E-1BC05215F189}.Debug|x86.ActiveCfg = Debug|Any CPU
		{166305B6-CADC-48FD-879E-1BC05215F189}.Debug|x86.Build.0 = Debug|Any CPU
		{166305B6-CADC-48FD-879E-1BC05215F189}.Release|Any CPU.ActiveCfg = Release|Any CPU
		{166305B6-CADC-48FD-879E-1BC05215F189}.Release|Any CPU.Build.0 = Release|Any CPU
		{166305B6-CADC-48FD-879E-1BC05215F189}.Release|x86.ActiveCfg = Release|Any CPU
		{166305B6-CADC-48FD-879E-1BC05215F189}.Release|x86.Build.0 = Release|Any CPU
		{CD8CBEB6-507B-4758-8A6E-C4A7026E6259}.Debug|Any CPU.ActiveCfg = Debug|Any CPU
		{CD8CBEB6-507B-4758-8A6E-C4A7026E6259}.Debug|Any CPU.Build.0 = Debug|Any CPU
		{CD8CBEB6-507B-4758-8A6E-C4A7026E6259}.Debug|x86.ActiveCfg = Debug|Any CPU
		{CD8CBEB6-507B-4758-8A6E-C4A7026E6259}.Debug|x86.Build.0 = Debug|Any CPU
		{CD8CBEB6-507B-4758-8A6E-C4A7026E6259}.Release|Any CPU.ActiveCfg = Release|Any CPU
		{CD8CBEB6-507B-4758-8A6E-C4A7026E6259}.Release|Any CPU.Build.0 = Release|Any CPU
		{CD8CBEB6-507B-4758-8A6E-C4A7026E6259}.Release|x86.ActiveCfg = Release|Any CPU
		{CD8CBEB6-507B-4758-8A6E-C4A7026E6259}.Release|x86.Build.0 = Release|Any CPU
		{0D0E29E4-AE37-4058-8159-E7D67C8DDB9C}.Debug|Any CPU.ActiveCfg = Debug|Any CPU
		{0D0E29E4-AE37-4058-8159-E7D67C8DDB9C}.Debug|Any CPU.Build.0 = Debug|Any CPU
		{0D0E29E4-AE37-4058-8159-E7D67C8DDB9C}.Debug|x86.ActiveCfg = Debug|Any CPU
		{0D0E29E4-AE37-4058-8159-E7D67C8DDB9C}.Debug|x86.Build.0 = Debug|Any CPU
		{0D0E29E4-AE37-4058-8159-E7D67C8DDB9C}.Release|Any CPU.ActiveCfg = Release|Any CPU
		{0D0E29E4-AE37-4058-8159-E7D67C8DDB9C}.Release|Any CPU.Build.0 = Release|Any CPU
		{0D0E29E4-AE37-4058-8159-E7D67C8DDB9C}.Release|x86.ActiveCfg = Release|Any CPU
		{0D0E29E4-AE37-4058-8159-E7D67C8DDB9C}.Release|x86.Build.0 = Release|Any CPU
	EndGlobalSection
	GlobalSection(SolutionProperties) = preSolution
		HideSolutionNode = FALSE
	EndGlobalSection
	GlobalSection(NestedProjects) = preSolution
		{F5C27A6D-243A-4866-AD6C-6CCBD02F52A2} = {BF5E8E4E-231C-4804-9124-B3B751C8FBF7}
	EndGlobalSection
	GlobalSection(ExtensibilityGlobals) = postSolution
		SolutionGuid = {0DB4F56F-97BD-4E7B-942A-8056B18A9C6D}
	EndGlobalSection
EndGlobal
