
Microsoft Visual Studio Solution File, Format Version 12.00
# Visual Studio 15
VisualStudioVersion = 15.0.28307.645
MinimumVisualStudioVersion = 10.0.40219.1
Project("{FAE04EC0-301F-11D3-BF4B-00C04F79EFBC}") = "BegCShCollections", "BegCShCollections\BegCShCollections.csproj", "{C17343C0-BE1C-4D2E-AF00-A2CE57078125}"
EndProject
Project("{FAE04EC0-301F-11D3-BF4B-00C04F79EFBC}") = "ACM.BL", "ACM.BL\ACM.BL.csproj", "{E2A9398E-06C5-4AA7-B3D2-96AEA9C0DC68}"
EndProject
Project("{2150E333-8FDC-42A3-9474-1A3956D46DE8}") = "Tests", "Tests", "{BF5E8E4E-231C-4804-9124-B3B751C8FBF7}"
EndProject
Project("{FAE04EC0-301F-11D3-BF4B-00C04F79EFBC}") = "ACM.BL.Test", "ACM.BL.Test\ACM.BL.Test.csproj", "{F5C27A6D-243A-4866-AD6C-6CCBD02F52A2}"
EndProject
Project("{FAE04EC0-301F-11D3-BF4B-00C04F79EFBC}") = "ACME.Common", "ACME.Common\ACME.Common.csproj", "{68D19C4D-9FA1-48B5-B4B2-3202513F16A0}"
EndProject
Project("{FAE04EC0-301F-11D3-BF4B-00C04F79EFBC}") = "Interfaces", "Interfaces\Interfaces.csproj", "{58AC1634-42AC-4EF7-9D0C-42EB073106A5}"
EndProject
Project("{FAE04EC0-301F-11D3-BF4B-00C04F79EFBC}") = "Interfaces.Library", "Interfaces.Library\Interfaces.Library.csproj", "{198D08C7-2F91-49BB-BB81-C8D05C460CAA}"
EndProject
Project("{FAE04EC0-301F-11D3-BF4B-00C04F79EFBC}") = "Interfaces.PeopleViewer", "Interfaces.PeopleViewer\Interfaces.PeopleViewer.csproj", "{CF59C7D2-E978-4F08-8234-F092EA8370FC}"
EndProject
Project("{FAE04EC0-301F-11D3-BF4B-00C04F79EFBC}") = "Interfaces.People.Library", "Interfaces.People.Library\Interfaces.People.Library.csproj", "{FFFF5388-2A95-4982-B86B-A79B086DDA78}"
EndProject
Project("{FAE04EC0-301F-11D3-BF4B-00C04F79EFBC}") = "Interfaces.Common", "Interfaces.Common\Interfaces.Common.csproj", "{8B27AD38-063F-4944-B089-ECC65032FD64}"
EndProject
Project("{2150E333-8FDC-42A3-9474-1A3956D46DE8}") = "AdditionalFiles", "AdditionalFiles", "{E1EE831A-78E3-4F53-BBCA-3824F8D6A1DE}"
	ProjectSection(SolutionItems) = preProject
		..\..\..\..\Desktop\People.db = ..\..\..\..\Desktop\People.db
		..\..\..\..\Desktop\People.txt = ..\..\..\..\Desktop\People.txt
	EndProjectSection
EndProject
Project("{9A19103F-16F7-4668-BE54-9A1E7A4F7556}") = "People.Service", "People.Service\People.Service.csproj", "{D69B27D9-B022-4114-A22C-0B6244261BD2}"
EndProject
Project("{FAE04EC0-301F-11D3-BF4B-00C04F79EFBC}") = "PeopleViewer", "PeopleViewer\PeopleViewer.csproj", "{B09ED0A5-BD38-4AA1-BF39-2F734D5B5EEB}"
EndProject
Project("{9A19103F-16F7-4668-BE54-9A1E7A4F7556}") = "PersonRepository.CSV", "PersonRepository.CSV\PersonRepository.CSV.csproj", "{C3FED3E3-3D00-4115-9515-B15D9BCDA2C0}"
EndProject
Project("{9A19103F-16F7-4668-BE54-9A1E7A4F7556}") = "PersonRepository.Factory", "PersonRepository.Factory\PersonRepository.Factory.csproj", "{29E49DC2-C616-441E-855F-EE896E1C6C55}"
EndProject
Project("{9A19103F-16F7-4668-BE54-9A1E7A4F7556}") = "PersonRepository.Interface", "PersonRepository.Interface\PersonRepository.Interface.csproj", "{B46C76A4-958F-4096-A5FA-8B3DDBF5185F}"
EndProject
Project("{9A19103F-16F7-4668-BE54-9A1E7A4F7556}") = "PersonRepository.Service", "PersonRepository.Service\PersonRepository.Service.csproj", "{32769252-871E-4CBC-BBF5-3CEF70115C0E}"
EndProject
Project("{9A19103F-16F7-4668-BE54-9A1E7A4F7556}") = "PersonRepository.SQL", "PersonRepository.SQL\PersonRepository.SQL.csproj", "{ACDCC158-81EC-4A61-BDEF-90CBC186CEB8}"
EndProject
Project("{FAE04EC0-301F-11D3-BF4B-00C04F79EFBC}") = "PeopleViewer.Layered", "PeopleViewer.Layered\PeopleViewer.Layered.csproj", "{113C3648-8220-4227-8BC8-8003BFE5022A}"
EndProject
Project("{FAE04EC0-301F-11D3-BF4B-00C04F79EFBC}") = "PeopleViewer.Test", "PeopleViewer.Test\PeopleViewer.Test.csproj", "{4C515105-7B54-4FD0-996D-C70EDB92D2D0}"
EndProject
Project("{9A19103F-16F7-4668-BE54-9A1E7A4F7556}") = "PersonRepository.Fake", "PersonRepository.Fake\PersonRepository.Fake.csproj", "{2844CF58-C0EC-46EE-A694-36A1C07C5F4C}"
EndProject
Project("{FAE04EC0-301F-11D3-BF4B-00C04F79EFBC}") = "OddNumbers", "OddNumbers\OddNumbers.csproj", "{8B9BAD56-D242-4CE1-B63C-A05DDFD09CFD}"
EndProject
Project("{FAE04EC0-301F-11D3-BF4B-00C04F79EFBC}") = "PeopleViewer.Ninject", "PeopleViewer.Ninject\PeopleViewer.Ninject.csproj", "{A8F28521-413D-4E59-82AD-24C6D2B1DA4B}"
EndProject
Project("{9A19103F-16F7-4668-BE54-9A1E7A4F7556}") = "PeopleViewer.Presentation", "PeopleViewer.Presentation\PeopleViewer.Presentation.csproj", "{4D53A799-65CA-43F2-B6F8-0EEFBBDBF5A7}"
EndProject
Project("{FAE04EC0-301F-11D3-BF4B-00C04F79EFBC}") = "PeopleViewer.Presentation.Tests", "PeopleViewer.Presentation.Tests\PeopleViewer.Presentation.Tests.csproj", "{8BB096F4-1DB0-4038-BA69-A4F75406D336}"
EndProject
Project("{9A19103F-16F7-4668-BE54-9A1E7A4F7556}") = "PersonRepository.Caching", "PersonRepository.Caching\PersonRepository.Caching.csproj", "{62C395AB-60AC-4F85-9F0B-C67E5CAD51B5}"
EndProject
Project("{FAE04EC0-301F-11D3-BF4B-00C04F79EFBC}") = "LINQ.Introduction", "LINQ.Introduction\LINQ.Introduction.csproj", "{B5730B80-00FD-4CAF-881E-C1AB545D5075}"
EndProject
Project("{FAE04EC0-301F-11D3-BF4B-00C04F79EFBC}") = "LINQ.Features", "LINQ.Features\LINQ.Features.csproj", "{F8D62EC1-9258-4841-9662-4F865BC52034}"
EndProject
Project("{FAE04EC0-301F-11D3-BF4B-00C04F79EFBC}") = "LINQ.Queries", "LINQ.Queries\LINQ.Queries.csproj", "{77DAA85F-5BCE-47E8-901D-B4E5E448AB91}"
EndProject
Project("{FAE04EC0-301F-11D3-BF4B-00C04F79EFBC}") = "LINQ.Cars", "LINQ.Cars\LINQ.Cars.csproj", "{00436682-57B4-4712-9442-5D2A6C491B5B}"
EndProject
Project("{FAE04EC0-301F-11D3-BF4B-00C04F79EFBC}") = "LINQ.XML", "LINQ.XML\LINQ.XML.csproj", "{8A044B04-52FC-4068-B726-804BD00221AC}"
EndProject
Project("{FAE04EC0-301F-11D3-BF4B-00C04F79EFBC}") = "ACM.Win", "ACM.Win\ACM.Win.csproj", "{856CA2B8-8C37-4F7D-97F6-8F072FE063CE}"
EndProject
Project("{FAE04EC0-301F-11D3-BF4B-00C04F79EFBC}") = "EDEH.BasicWebEvents", "EDEH.BasicWebEvents\EDEH.BasicWebEvents.csproj", "{0B53AB55-38A7-4F8B-8B75-442B16F0AB9E}"
EndProject
Project("{FAE04EC0-301F-11D3-BF4B-00C04F79EFBC}") = "EDEH.BasicWindowsEvents", "EDEH.BasicWindowsEvents\EDEH.BasicWindowsEvents.csproj", "{A8F34E0C-91B9-475C-9899-B1BBB64E88FE}"
EndProject
Project("{FAE04EC0-301F-11D3-BF4B-00C04F79EFBC}") = "EDEH.DelegatesAndEvents", "EDEH.DelegatesAndEvents\EDEH.DelegatesAndEvents.csproj", "{8F7C4634-6FC3-4A56-A4FF-C2FB2B9A9985}"
EndProject
Project("{FAE04EC0-301F-11D3-BF4B-00C04F79EFBC}") = "EDEH.LambdasAndDelegates", "EDH.LambdasAndDelegates\EDEH.LambdasAndDelegates.csproj", "{166305B6-CADC-48FD-879E-1BC05215F189}"
EndProject
Project("{FAE04EC0-301F-11D3-BF4B-00C04F79EFBC}") = "EDEH.CommunicatingBetweenControls", "EDEH.CommunicatingBetweenControls\EDEH.CommunicatingBetweenControls.csproj", "{CD8CBEB6-507B-4758-8A6E-C4A7026E6259}"
EndProject
Project("{FAE04EC0-301F-11D3-BF4B-00C04F79EFBC}") = "EDEH.TheadsAndDelegates", "EDEH.AsyncDelegatesAndThreading\EDEH.TheadsAndDelegates.csproj", "{0D0E29E4-AE37-4058-8159-E7D67C8DDB9C}"
EndProject
Project("{FAE04EC0-301F-11D3-BF4B-00C04F79EFBC}") = "ExtensionMethods", "ExtensionMethods\ExtensionMethods.csproj", "{BE80264D-7974-44C1-A2A6-2B148D77D5ED}"
EndProject
Project("{FAE04EC0-301F-11D3-BF4B-00C04F79EFBC}") = "ExtensionMethods.Test", "ExtensionMethods.Test\ExtensionMethods.Test.csproj", "{69DC163F-08A1-4878-BF90-992276FD7AA7}"
EndProject
Project("{FAE04EC0-301F-11D3-BF4B-00C04F79EFBC}") = "ExtensionMethods.Advanced", "ExtensionMethods.Advanced\ExtensionMethods.Advanced.csproj", "{8F1CAB26-7FFE-44EA-9182-7E19ACC2C935}"
EndProject
Project("{FAE04EC0-301F-11D3-BF4B-00C04F79EFBC}") = "ExtensionMethods.AdvancedTests", "ExtensionMethods.AdvancedTests\ExtensionMethods.AdvancedTests.csproj", "{73DD8D35-0FF1-4BE8-A69D-C591C5A3D1D2}"
EndProject
Project("{F184B08F-C81C-45F6-A57F-5ABD9991F28F}") = "ExtensionMethods.AdvancedTests.VB", "ExtensionMethods.AdvancedTests.VB\ExtensionMethods.AdvancedTests.VB.vbproj", "{A725433A-5068-4C03-9DA4-1C507661014A}"
EndProject
Project("{FAE04EC0-301F-11D3-BF4B-00C04F79EFBC}") = "ExtensionMethods.Advanced.Portable", "ExtenstionMethods.Advanced.Portable\ExtensionMethods.Advanced.Portable.csproj", "{67217CE6-758A-4797-9D76-A9671F84D6B4}"
EndProject
Project("{FAE04EC0-301F-11D3-BF4B-00C04F79EFBC}") = "ExtensionMethods.Advanced.ClientProfile", "ExtensionMethods.Advanced.ClientProfile\ExtensionMethods.Advanced.ClientProfile.csproj", "{69540E72-952D-420B-9325-DCF3ED79F7C5}"
EndProject
Project("{FAE04EC0-301F-11D3-BF4B-00C04F79EFBC}") = "ExtensionMethods.Advanced.Client", "ExtensionMethods.Advanced.Client\ExtensionMethods.Advanced.Client.csproj", "{214DFEBE-FAD0-43F3-8B10-655D8B527283}"
EndProject
Project("{FAE04EC0-301F-11D3-BF4B-00C04F79EFBC}") = "ExtensionMethods.Advanced.Web", "ExtensionMethods.Advanced.Web\ExtensionMethods.Advanced.Web.csproj", "{8B88996F-9627-43D5-8EAE-F46D1CF386FD}"
EndProject
Project("{2150E333-8FDC-42A3-9474-1A3956D46DE8}") = "Stubs", "Stubs", "{ACAFC57C-995F-4945-A219-5813BA5AC19C}"
EndProject
Project("{FAE04EC0-301F-11D3-BF4B-00C04F79EFBC}") = "ExtensionMethods.Advanced.Stubs", "ExtensionMethods.Advanced.Stubs\ExtensionMethods.Advanced.Stubs.csproj", "{56718716-E771-459F-9D24-178D92671F89}"
EndProject
Project("{FAE04EC0-301F-11D3-BF4B-00C04F79EFBC}") = "ExtensionMethods.Library", "ExtensionMethods.Library\ExtensionMethods.Library.csproj", "{00B9E67D-D362-45D0-89DE-A9170DD6ADE0}"
EndProject
Project("{FAE04EC0-301F-11D3-BF4B-00C04F79EFBC}") = "ExtensionMethods.LibraryTests", "ExtensionMethods.LibraryTests\ExtensionMethods.LibraryTests.csproj", "{BFFF5A6D-B8E0-4D97-9A7B-0F3C028C866A}"
EndProject
Project("{FAE04EC0-301F-11D3-BF4B-00C04F79EFBC}") = "ExtensionMethods.Library.Stubs.WcfService", "ExtensionMethods.Library.Stubs.WcfService\ExtensionMethods.Library.Stubs.WcfService.csproj", "{D7D26197-E069-4B01-89EE-D9BBC1661189}"
EndProject
Project("{FAE04EC0-301F-11D3-BF4B-00C04F79EFBC}") = "ExtensionMethods.Library.Stubs.WcfServiceTests", "ExtensionMethods.Library.Stubs.WcfServiceTests\ExtensionMethods.Library.Stubs.WcfServiceTests.csproj", "{93280D39-7D6A-4E99-B4A2-35AA98C3FE84}"
EndProject
Project("{FAE04EC0-301F-11D3-BF4B-00C04F79EFBC}") = "Sixeyed.ExtensionLibrary", "Sixeyed.ExtensionLibrary\Sixeyed.ExtensionLibrary.csproj", "{F28178A1-8194-4ECE-9550-503319B40FD5}"
EndProject
Project("{FAE04EC0-301F-11D3-BF4B-00C04F79EFBC}") = "Sixeyed.ExtensionLibrary.Domain", "Sixeyed.ExtensionLibrary.Domain\Sixeyed.ExtensionLibrary.Domain.csproj", "{0E4F7C58-255C-4B33-92C3-5A46160B054A}"
EndProject
Project("{FAE04EC0-301F-11D3-BF4B-00C04F79EFBC}") = "Sixeyed.ExtensionLibrary.Stubs.Api", "Sixeyed.ExtensionLibrary.Stubs.Api\Sixeyed.ExtensionLibrary.Stubs.Api.csproj", "{BD9EFBF2-4975-4573-A7C4-D6B3A71D5830}"
EndProject
Project("{FAE04EC0-301F-11D3-BF4B-00C04F79EFBC}") = "Sixeyed.ExtensionLibrary.Stubs.WcfService", "Sixeyed.ExtensionLibrary.Stubs.WcfService\Sixeyed.ExtensionLibrary.Stubs.WcfService.csproj", "{6C3E9D1C-DDE3-4CDD-B967-B5D0341571AB}"
EndProject
Project("{FAE04EC0-301F-11D3-BF4B-00C04F79EFBC}") = "Sixeyed.ExtensionLibrary.Stubs.Web", "Sixeyed.ExtensionLibrary.Stubs.Web\Sixeyed.ExtensionLibrary.Stubs.Web.csproj", "{9CC91CC8-52C2-4234-9870-EEF98A0DE742}"
EndProject
Project("{2150E333-8FDC-42A3-9474-1A3956D46DE8}") = "Solution Items", "Solution Items", "{7C6D09B0-833B-409E-972A-71BCB8ED2A5E}"
	ProjectSection(SolutionItems) = preProject
		Sixeyed.ExtensionLibrary.Tests\Sixeyed.ExtensionLibrary.Tests.csproj = Sixeyed.ExtensionLibrary.Tests\Sixeyed.ExtensionLibrary.Tests.csproj
	EndProjectSection
EndProject
Project("{FAE04EC0-301F-11D3-BF4B-00C04F79EFBC}") = "Sixeyed.ExtensionLibrary.Tests", "Sixeyed.ExtensionLibrary.Tests\Sixeyed.ExtensionLibrary.Tests.csproj", "{F916196A-3861-4949-B453-31014CA37B20}"
EndProject
Project("{9A19103F-16F7-4668-BE54-9A1E7A4F7556}") = "StockAnalyzer.Core", "StockAnalyzer.Core\StockAnalyzer.Core.csproj", "{7C900B87-6630-455A-BE7B-B04EFBCBD465}"
EndProject
Project("{FAE04EC0-301F-11D3-BF4B-00C04F79EFBC}") = "StockAnalyzer.Web", "StockAnalyzer.Web\StockAnalyzer.Web.csproj", "{06EC389B-57C9-4A20-B3B5-B88BE518D3BC}"
EndProject
Project("{FAE04EC0-301F-11D3-BF4B-00C04F79EFBC}") = "StockAnalyzer.Windows", "StockAnalyzer.Windows\StockAnalyzer.Windows.csproj", "{C8F01325-3AA2-4435-A55F-CF411820FB90}"
EndProject
Project("{FAE04EC0-301F-11D3-BF4B-00C04F79EFBC}") = "GameEngine", "GameEngine\GameEngine.csproj", "{818D966A-986E-4B82-B9C4-9B24FEAE050D}"
EndProject
Project("{FAE04EC0-301F-11D3-BF4B-00C04F79EFBC}") = "GameEngineTests", "GameEngineTests\GameEngineTests.csproj", "{9A86CA50-A09B-4D11-806E-A32D8B0219A7}"
EndProject
Project("{9A19103F-16F7-4668-BE54-9A1E7A4F7556}") = "PersonDataReader.Service", "PersonDataReader.Service\PersonDataReader.Service.csproj", "{75E2FB09-661E-4DF1-A5EF-E46D65826A11}"
EndProject
Project("{9A19103F-16F7-4668-BE54-9A1E7A4F7556}") = "PeopleViewer.Common", "PeopleViewer.Common\PeopleViewer.Common.csproj", "{FA72D8F3-0BCF-464E-9D44-71542318ADA0}"
EndProject
Project("{FAE04EC0-301F-11D3-BF4B-00C04F79EFBC}") = "PeopleViewer.View", "PeopleViewer.View\PeopleViewer.View.csproj", "{CAE93913-77E4-4C9B-8CAA-4E94C9314F70}"
EndProject
Project("{FAE04EC0-301F-11D3-BF4B-00C04F79EFBC}") = "PersonDataReader.CSV", "PersonDataReader.CSV\PersonDataReader.CSV.csproj", "{B3DA0B50-CED5-4DF3-AD35-BE06930B8AA8}"
EndProject
Project("{9A19103F-16F7-4668-BE54-9A1E7A4F7556}") = "PersonDataReader.SQL", "PersonDataReader.SQL\PersonDataReader.SQL.csproj", "{8868125F-7660-4E50-B812-53FAF2C0C094}"
EndProject
Project("{9A19103F-16F7-4668-BE54-9A1E7A4F7556}") = "PersonDataReader.Decorators", "PersonDataReader.Decorators\PersonDataReader.Decorators.csproj", "{07F21E0E-86C9-4C8A-B3B9-3F96D27F9B1F}"
EndProject
Project("{9A19103F-16F7-4668-BE54-9A1E7A4F7556}") = "PersonDataReader.CSV.Tests", "PersonDataReader.CSV.Tests\PersonDataReader.CSV.Tests.csproj", "{7DA48359-EC40-4C08-9AA2-DDA5F50F6CC6}"
EndProject
Project("{FAE04EC0-301F-11D3-BF4B-00C04F79EFBC}") = "PeopleViewer.Autofac", "PeopleViewer.Autofac\PeopleViewer.Autofac.csproj", "{1997D367-7DED-497B-9966-A16A8D269C21}"
EndProject
Project("{FAE04EC0-301F-11D3-BF4B-00C04F79EFBC}") = "PeopleViewer.Autofac.LateBinding", "PeopleViewer.Autofac.LateBinding\PeopleViewer.Autofac.LateBinding.csproj", "{FB1D1F9B-50D9-403B-8F29-43B4A3F421D1}"
EndProject
Project("{FAE04EC0-301F-11D3-BF4B-00C04F79EFBC}") = "PeopleViewer.Views", "PeopleViewer.Views\PeopleViewer.Views.csproj", "{B3FA77BC-0934-4801-97A2-CD802569F44F}"
EndProject
Global
	GlobalSection(SolutionConfigurationPlatforms) = preSolution
		Debug|Any CPU = Debug|Any CPU
		Debug|x86 = Debug|x86
		Release|Any CPU = Release|Any CPU
		Release|x86 = Release|x86
	EndGlobalSection
	GlobalSection(ProjectConfigurationPlatforms) = postSolution
		{C17343C0-BE1C-4D2E-AF00-A2CE57078125}.Debug|Any CPU.ActiveCfg = Debug|Any CPU
		{C17343C0-BE1C-4D2E-AF00-A2CE57078125}.Debug|Any CPU.Build.0 = Debug|Any CPU
		{C17343C0-BE1C-4D2E-AF00-A2CE57078125}.Debug|x86.ActiveCfg = Debug|Any CPU
		{C17343C0-BE1C-4D2E-AF00-A2CE57078125}.Release|Any CPU.ActiveCfg = Release|Any CPU
		{C17343C0-BE1C-4D2E-AF00-A2CE57078125}.Release|Any CPU.Build.0 = Release|Any CPU
		{C17343C0-BE1C-4D2E-AF00-A2CE57078125}.Release|x86.ActiveCfg = Release|Any CPU
		{E2A9398E-06C5-4AA7-B3D2-96AEA9C0DC68}.Debug|Any CPU.ActiveCfg = Debug|Any CPU
		{E2A9398E-06C5-4AA7-B3D2-96AEA9C0DC68}.Debug|Any CPU.Build.0 = Debug|Any CPU
		{E2A9398E-06C5-4AA7-B3D2-96AEA9C0DC68}.Debug|x86.ActiveCfg = Debug|Any CPU
		{E2A9398E-06C5-4AA7-B3D2-96AEA9C0DC68}.Debug|x86.Build.0 = Debug|Any CPU
		{E2A9398E-06C5-4AA7-B3D2-96AEA9C0DC68}.Release|Any CPU.ActiveCfg = Release|Any CPU
		{E2A9398E-06C5-4AA7-B3D2-96AEA9C0DC68}.Release|Any CPU.Build.0 = Release|Any CPU
		{E2A9398E-06C5-4AA7-B3D2-96AEA9C0DC68}.Release|x86.ActiveCfg = Release|Any CPU
		{E2A9398E-06C5-4AA7-B3D2-96AEA9C0DC68}.Release|x86.Build.0 = Release|Any CPU
		{F5C27A6D-243A-4866-AD6C-6CCBD02F52A2}.Debug|Any CPU.ActiveCfg = Debug|Any CPU
		{F5C27A6D-243A-4866-AD6C-6CCBD02F52A2}.Debug|Any CPU.Build.0 = Debug|Any CPU
		{F5C27A6D-243A-4866-AD6C-6CCBD02F52A2}.Debug|x86.ActiveCfg = Debug|Any CPU
		{F5C27A6D-243A-4866-AD6C-6CCBD02F52A2}.Release|Any CPU.ActiveCfg = Release|Any CPU
		{F5C27A6D-243A-4866-AD6C-6CCBD02F52A2}.Release|Any CPU.Build.0 = Release|Any CPU
		{F5C27A6D-243A-4866-AD6C-6CCBD02F52A2}.Release|x86.ActiveCfg = Release|Any CPU
		{68D19C4D-9FA1-48B5-B4B2-3202513F16A0}.Debug|Any CPU.ActiveCfg = Debug|Any CPU
		{68D19C4D-9FA1-48B5-B4B2-3202513F16A0}.Debug|Any CPU.Build.0 = Debug|Any CPU
		{68D19C4D-9FA1-48B5-B4B2-3202513F16A0}.Debug|x86.ActiveCfg = Debug|Any CPU
		{68D19C4D-9FA1-48B5-B4B2-3202513F16A0}.Debug|x86.Build.0 = Debug|Any CPU
		{68D19C4D-9FA1-48B5-B4B2-3202513F16A0}.Release|Any CPU.ActiveCfg = Release|Any CPU
		{68D19C4D-9FA1-48B5-B4B2-3202513F16A0}.Release|Any CPU.Build.0 = Release|Any CPU
		{68D19C4D-9FA1-48B5-B4B2-3202513F16A0}.Release|x86.ActiveCfg = Release|Any CPU
		{68D19C4D-9FA1-48B5-B4B2-3202513F16A0}.Release|x86.Build.0 = Release|Any CPU
		{58AC1634-42AC-4EF7-9D0C-42EB073106A5}.Debug|Any CPU.ActiveCfg = Debug|Any CPU
		{58AC1634-42AC-4EF7-9D0C-42EB073106A5}.Debug|Any CPU.Build.0 = Debug|Any CPU
		{58AC1634-42AC-4EF7-9D0C-42EB073106A5}.Debug|x86.ActiveCfg = Debug|Any CPU
		{58AC1634-42AC-4EF7-9D0C-42EB073106A5}.Release|Any CPU.ActiveCfg = Release|Any CPU
		{58AC1634-42AC-4EF7-9D0C-42EB073106A5}.Release|Any CPU.Build.0 = Release|Any CPU
		{58AC1634-42AC-4EF7-9D0C-42EB073106A5}.Release|x86.ActiveCfg = Release|Any CPU
		{198D08C7-2F91-49BB-BB81-C8D05C460CAA}.Debug|Any CPU.ActiveCfg = Debug|Any CPU
		{198D08C7-2F91-49BB-BB81-C8D05C460CAA}.Debug|Any CPU.Build.0 = Debug|Any CPU
		{198D08C7-2F91-49BB-BB81-C8D05C460CAA}.Debug|x86.ActiveCfg = Debug|Any CPU
		{198D08C7-2F91-49BB-BB81-C8D05C460CAA}.Release|Any CPU.ActiveCfg = Release|Any CPU
		{198D08C7-2F91-49BB-BB81-C8D05C460CAA}.Release|Any CPU.Build.0 = Release|Any CPU
		{198D08C7-2F91-49BB-BB81-C8D05C460CAA}.Release|x86.ActiveCfg = Release|Any CPU
		{CF59C7D2-E978-4F08-8234-F092EA8370FC}.Debug|Any CPU.ActiveCfg = Debug|Any CPU
		{CF59C7D2-E978-4F08-8234-F092EA8370FC}.Debug|Any CPU.Build.0 = Debug|Any CPU
		{CF59C7D2-E978-4F08-8234-F092EA8370FC}.Debug|x86.ActiveCfg = Debug|Any CPU
		{CF59C7D2-E978-4F08-8234-F092EA8370FC}.Release|Any CPU.ActiveCfg = Release|Any CPU
		{CF59C7D2-E978-4F08-8234-F092EA8370FC}.Release|Any CPU.Build.0 = Release|Any CPU
		{CF59C7D2-E978-4F08-8234-F092EA8370FC}.Release|x86.ActiveCfg = Release|Any CPU
		{FFFF5388-2A95-4982-B86B-A79B086DDA78}.Debug|Any CPU.ActiveCfg = Debug|Any CPU
		{FFFF5388-2A95-4982-B86B-A79B086DDA78}.Debug|Any CPU.Build.0 = Debug|Any CPU
		{FFFF5388-2A95-4982-B86B-A79B086DDA78}.Debug|x86.ActiveCfg = Debug|Any CPU
		{FFFF5388-2A95-4982-B86B-A79B086DDA78}.Release|Any CPU.ActiveCfg = Release|Any CPU
		{FFFF5388-2A95-4982-B86B-A79B086DDA78}.Release|Any CPU.Build.0 = Release|Any CPU
		{FFFF5388-2A95-4982-B86B-A79B086DDA78}.Release|x86.ActiveCfg = Release|Any CPU
		{8B27AD38-063F-4944-B089-ECC65032FD64}.Debug|Any CPU.ActiveCfg = Debug|Any CPU
		{8B27AD38-063F-4944-B089-ECC65032FD64}.Debug|Any CPU.Build.0 = Debug|Any CPU
		{8B27AD38-063F-4944-B089-ECC65032FD64}.Debug|x86.ActiveCfg = Debug|Any CPU
		{8B27AD38-063F-4944-B089-ECC65032FD64}.Release|Any CPU.ActiveCfg = Release|Any CPU
		{8B27AD38-063F-4944-B089-ECC65032FD64}.Release|Any CPU.Build.0 = Release|Any CPU
		{8B27AD38-063F-4944-B089-ECC65032FD64}.Release|x86.ActiveCfg = Release|Any CPU
		{D69B27D9-B022-4114-A22C-0B6244261BD2}.Debug|Any CPU.ActiveCfg = Debug|Any CPU
		{D69B27D9-B022-4114-A22C-0B6244261BD2}.Debug|Any CPU.Build.0 = Debug|Any CPU
		{D69B27D9-B022-4114-A22C-0B6244261BD2}.Debug|x86.ActiveCfg = Debug|Any CPU
		{D69B27D9-B022-4114-A22C-0B6244261BD2}.Release|Any CPU.ActiveCfg = Release|Any CPU
		{D69B27D9-B022-4114-A22C-0B6244261BD2}.Release|Any CPU.Build.0 = Release|Any CPU
		{D69B27D9-B022-4114-A22C-0B6244261BD2}.Release|x86.ActiveCfg = Release|Any CPU
		{B09ED0A5-BD38-4AA1-BF39-2F734D5B5EEB}.Debug|Any CPU.ActiveCfg = Debug|Any CPU
		{B09ED0A5-BD38-4AA1-BF39-2F734D5B5EEB}.Debug|Any CPU.Build.0 = Debug|Any CPU
		{B09ED0A5-BD38-4AA1-BF39-2F734D5B5EEB}.Debug|x86.ActiveCfg = Debug|Any CPU
		{B09ED0A5-BD38-4AA1-BF39-2F734D5B5EEB}.Release|Any CPU.ActiveCfg = Release|Any CPU
		{B09ED0A5-BD38-4AA1-BF39-2F734D5B5EEB}.Release|Any CPU.Build.0 = Release|Any CPU
		{B09ED0A5-BD38-4AA1-BF39-2F734D5B5EEB}.Release|x86.ActiveCfg = Release|Any CPU
		{C3FED3E3-3D00-4115-9515-B15D9BCDA2C0}.Debug|Any CPU.ActiveCfg = Debug|Any CPU
		{C3FED3E3-3D00-4115-9515-B15D9BCDA2C0}.Debug|Any CPU.Build.0 = Debug|Any CPU
		{C3FED3E3-3D00-4115-9515-B15D9BCDA2C0}.Debug|x86.ActiveCfg = Debug|Any CPU
		{C3FED3E3-3D00-4115-9515-B15D9BCDA2C0}.Release|Any CPU.ActiveCfg = Release|Any CPU
		{C3FED3E3-3D00-4115-9515-B15D9BCDA2C0}.Release|Any CPU.Build.0 = Release|Any CPU
		{C3FED3E3-3D00-4115-9515-B15D9BCDA2C0}.Release|x86.ActiveCfg = Release|Any CPU
		{29E49DC2-C616-441E-855F-EE896E1C6C55}.Debug|Any CPU.ActiveCfg = Debug|Any CPU
		{29E49DC2-C616-441E-855F-EE896E1C6C55}.Debug|Any CPU.Build.0 = Debug|Any CPU
		{29E49DC2-C616-441E-855F-EE896E1C6C55}.Debug|x86.ActiveCfg = Debug|Any CPU
		{29E49DC2-C616-441E-855F-EE896E1C6C55}.Release|Any CPU.ActiveCfg = Release|Any CPU
		{29E49DC2-C616-441E-855F-EE896E1C6C55}.Release|Any CPU.Build.0 = Release|Any CPU
		{29E49DC2-C616-441E-855F-EE896E1C6C55}.Release|x86.ActiveCfg = Release|Any CPU
		{B46C76A4-958F-4096-A5FA-8B3DDBF5185F}.Debug|Any CPU.ActiveCfg = Debug|Any CPU
		{B46C76A4-958F-4096-A5FA-8B3DDBF5185F}.Debug|Any CPU.Build.0 = Debug|Any CPU
		{B46C76A4-958F-4096-A5FA-8B3DDBF5185F}.Debug|x86.ActiveCfg = Debug|Any CPU
		{B46C76A4-958F-4096-A5FA-8B3DDBF5185F}.Release|Any CPU.ActiveCfg = Release|Any CPU
		{B46C76A4-958F-4096-A5FA-8B3DDBF5185F}.Release|Any CPU.Build.0 = Release|Any CPU
		{B46C76A4-958F-4096-A5FA-8B3DDBF5185F}.Release|x86.ActiveCfg = Release|Any CPU
		{32769252-871E-4CBC-BBF5-3CEF70115C0E}.Debug|Any CPU.ActiveCfg = Debug|Any CPU
		{32769252-871E-4CBC-BBF5-3CEF70115C0E}.Debug|Any CPU.Build.0 = Debug|Any CPU
		{32769252-871E-4CBC-BBF5-3CEF70115C0E}.Debug|x86.ActiveCfg = Debug|Any CPU
		{32769252-871E-4CBC-BBF5-3CEF70115C0E}.Release|Any CPU.ActiveCfg = Release|Any CPU
		{32769252-871E-4CBC-BBF5-3CEF70115C0E}.Release|Any CPU.Build.0 = Release|Any CPU
		{32769252-871E-4CBC-BBF5-3CEF70115C0E}.Release|x86.ActiveCfg = Release|Any CPU
		{ACDCC158-81EC-4A61-BDEF-90CBC186CEB8}.Debug|Any CPU.ActiveCfg = Debug|Any CPU
		{ACDCC158-81EC-4A61-BDEF-90CBC186CEB8}.Debug|Any CPU.Build.0 = Debug|Any CPU
		{ACDCC158-81EC-4A61-BDEF-90CBC186CEB8}.Debug|x86.ActiveCfg = Debug|Any CPU
		{ACDCC158-81EC-4A61-BDEF-90CBC186CEB8}.Release|Any CPU.ActiveCfg = Release|Any CPU
		{ACDCC158-81EC-4A61-BDEF-90CBC186CEB8}.Release|Any CPU.Build.0 = Release|Any CPU
		{ACDCC158-81EC-4A61-BDEF-90CBC186CEB8}.Release|x86.ActiveCfg = Release|Any CPU
		{113C3648-8220-4227-8BC8-8003BFE5022A}.Debug|Any CPU.ActiveCfg = Debug|Any CPU
		{113C3648-8220-4227-8BC8-8003BFE5022A}.Debug|Any CPU.Build.0 = Debug|Any CPU
		{113C3648-8220-4227-8BC8-8003BFE5022A}.Debug|x86.ActiveCfg = Debug|Any CPU
		{113C3648-8220-4227-8BC8-8003BFE5022A}.Release|Any CPU.ActiveCfg = Release|Any CPU
		{113C3648-8220-4227-8BC8-8003BFE5022A}.Release|Any CPU.Build.0 = Release|Any CPU
		{113C3648-8220-4227-8BC8-8003BFE5022A}.Release|x86.ActiveCfg = Release|Any CPU
		{4C515105-7B54-4FD0-996D-C70EDB92D2D0}.Debug|Any CPU.ActiveCfg = Debug|Any CPU
		{4C515105-7B54-4FD0-996D-C70EDB92D2D0}.Debug|Any CPU.Build.0 = Debug|Any CPU
		{4C515105-7B54-4FD0-996D-C70EDB92D2D0}.Debug|x86.ActiveCfg = Debug|Any CPU
		{4C515105-7B54-4FD0-996D-C70EDB92D2D0}.Release|Any CPU.ActiveCfg = Release|Any CPU
		{4C515105-7B54-4FD0-996D-C70EDB92D2D0}.Release|Any CPU.Build.0 = Release|Any CPU
		{4C515105-7B54-4FD0-996D-C70EDB92D2D0}.Release|x86.ActiveCfg = Release|Any CPU
		{2844CF58-C0EC-46EE-A694-36A1C07C5F4C}.Debug|Any CPU.ActiveCfg = Debug|Any CPU
		{2844CF58-C0EC-46EE-A694-36A1C07C5F4C}.Debug|Any CPU.Build.0 = Debug|Any CPU
		{2844CF58-C0EC-46EE-A694-36A1C07C5F4C}.Debug|x86.ActiveCfg = Debug|Any CPU
		{2844CF58-C0EC-46EE-A694-36A1C07C5F4C}.Release|Any CPU.ActiveCfg = Release|Any CPU
		{2844CF58-C0EC-46EE-A694-36A1C07C5F4C}.Release|Any CPU.Build.0 = Release|Any CPU
		{2844CF58-C0EC-46EE-A694-36A1C07C5F4C}.Release|x86.ActiveCfg = Release|Any CPU
		{8B9BAD56-D242-4CE1-B63C-A05DDFD09CFD}.Debug|Any CPU.ActiveCfg = Debug|Any CPU
		{8B9BAD56-D242-4CE1-B63C-A05DDFD09CFD}.Debug|Any CPU.Build.0 = Debug|Any CPU
		{8B9BAD56-D242-4CE1-B63C-A05DDFD09CFD}.Debug|x86.ActiveCfg = Debug|Any CPU
		{8B9BAD56-D242-4CE1-B63C-A05DDFD09CFD}.Release|Any CPU.ActiveCfg = Release|Any CPU
		{8B9BAD56-D242-4CE1-B63C-A05DDFD09CFD}.Release|Any CPU.Build.0 = Release|Any CPU
		{8B9BAD56-D242-4CE1-B63C-A05DDFD09CFD}.Release|x86.ActiveCfg = Release|Any CPU
		{A8F28521-413D-4E59-82AD-24C6D2B1DA4B}.Debug|Any CPU.ActiveCfg = Debug|Any CPU
		{A8F28521-413D-4E59-82AD-24C6D2B1DA4B}.Debug|Any CPU.Build.0 = Debug|Any CPU
		{A8F28521-413D-4E59-82AD-24C6D2B1DA4B}.Debug|x86.ActiveCfg = Debug|Any CPU
		{A8F28521-413D-4E59-82AD-24C6D2B1DA4B}.Release|Any CPU.ActiveCfg = Release|Any CPU
		{A8F28521-413D-4E59-82AD-24C6D2B1DA4B}.Release|Any CPU.Build.0 = Release|Any CPU
		{A8F28521-413D-4E59-82AD-24C6D2B1DA4B}.Release|x86.ActiveCfg = Release|Any CPU
		{4D53A799-65CA-43F2-B6F8-0EEFBBDBF5A7}.Debug|Any CPU.ActiveCfg = Debug|Any CPU
		{4D53A799-65CA-43F2-B6F8-0EEFBBDBF5A7}.Debug|Any CPU.Build.0 = Debug|Any CPU
		{4D53A799-65CA-43F2-B6F8-0EEFBBDBF5A7}.Debug|x86.ActiveCfg = Debug|Any CPU
		{4D53A799-65CA-43F2-B6F8-0EEFBBDBF5A7}.Release|Any CPU.ActiveCfg = Release|Any CPU
		{4D53A799-65CA-43F2-B6F8-0EEFBBDBF5A7}.Release|Any CPU.Build.0 = Release|Any CPU
		{4D53A799-65CA-43F2-B6F8-0EEFBBDBF5A7}.Release|x86.ActiveCfg = Release|Any CPU
		{8BB096F4-1DB0-4038-BA69-A4F75406D336}.Debug|Any CPU.ActiveCfg = Debug|Any CPU
		{8BB096F4-1DB0-4038-BA69-A4F75406D336}.Debug|Any CPU.Build.0 = Debug|Any CPU
		{8BB096F4-1DB0-4038-BA69-A4F75406D336}.Debug|x86.ActiveCfg = Debug|Any CPU
		{8BB096F4-1DB0-4038-BA69-A4F75406D336}.Release|Any CPU.ActiveCfg = Release|Any CPU
		{8BB096F4-1DB0-4038-BA69-A4F75406D336}.Release|Any CPU.Build.0 = Release|Any CPU
		{8BB096F4-1DB0-4038-BA69-A4F75406D336}.Release|x86.ActiveCfg = Release|Any CPU
		{62C395AB-60AC-4F85-9F0B-C67E5CAD51B5}.Debug|Any CPU.ActiveCfg = Debug|Any CPU
		{62C395AB-60AC-4F85-9F0B-C67E5CAD51B5}.Debug|Any CPU.Build.0 = Debug|Any CPU
		{62C395AB-60AC-4F85-9F0B-C67E5CAD51B5}.Debug|x86.ActiveCfg = Debug|Any CPU
		{62C395AB-60AC-4F85-9F0B-C67E5CAD51B5}.Release|Any CPU.ActiveCfg = Release|Any CPU
		{62C395AB-60AC-4F85-9F0B-C67E5CAD51B5}.Release|Any CPU.Build.0 = Release|Any CPU
		{62C395AB-60AC-4F85-9F0B-C67E5CAD51B5}.Release|x86.ActiveCfg = Release|Any CPU
		{B5730B80-00FD-4CAF-881E-C1AB545D5075}.Debug|Any CPU.ActiveCfg = Debug|Any CPU
		{B5730B80-00FD-4CAF-881E-C1AB545D5075}.Debug|Any CPU.Build.0 = Debug|Any CPU
		{B5730B80-00FD-4CAF-881E-C1AB545D5075}.Debug|x86.ActiveCfg = Debug|Any CPU
		{B5730B80-00FD-4CAF-881E-C1AB545D5075}.Release|Any CPU.ActiveCfg = Release|Any CPU
		{B5730B80-00FD-4CAF-881E-C1AB545D5075}.Release|Any CPU.Build.0 = Release|Any CPU
		{B5730B80-00FD-4CAF-881E-C1AB545D5075}.Release|x86.ActiveCfg = Release|Any CPU
		{F8D62EC1-9258-4841-9662-4F865BC52034}.Debug|Any CPU.ActiveCfg = Debug|Any CPU
		{F8D62EC1-9258-4841-9662-4F865BC52034}.Debug|Any CPU.Build.0 = Debug|Any CPU
		{F8D62EC1-9258-4841-9662-4F865BC52034}.Debug|x86.ActiveCfg = Debug|Any CPU
		{F8D62EC1-9258-4841-9662-4F865BC52034}.Release|Any CPU.ActiveCfg = Release|Any CPU
		{F8D62EC1-9258-4841-9662-4F865BC52034}.Release|Any CPU.Build.0 = Release|Any CPU
		{F8D62EC1-9258-4841-9662-4F865BC52034}.Release|x86.ActiveCfg = Release|Any CPU
		{77DAA85F-5BCE-47E8-901D-B4E5E448AB91}.Debug|Any CPU.ActiveCfg = Debug|Any CPU
		{77DAA85F-5BCE-47E8-901D-B4E5E448AB91}.Debug|Any CPU.Build.0 = Debug|Any CPU
		{77DAA85F-5BCE-47E8-901D-B4E5E448AB91}.Debug|x86.ActiveCfg = Debug|Any CPU
		{77DAA85F-5BCE-47E8-901D-B4E5E448AB91}.Release|Any CPU.ActiveCfg = Release|Any CPU
		{77DAA85F-5BCE-47E8-901D-B4E5E448AB91}.Release|Any CPU.Build.0 = Release|Any CPU
		{77DAA85F-5BCE-47E8-901D-B4E5E448AB91}.Release|x86.ActiveCfg = Release|Any CPU
		{00436682-57B4-4712-9442-5D2A6C491B5B}.Debug|Any CPU.ActiveCfg = Debug|Any CPU
		{00436682-57B4-4712-9442-5D2A6C491B5B}.Debug|Any CPU.Build.0 = Debug|Any CPU
		{00436682-57B4-4712-9442-5D2A6C491B5B}.Debug|x86.ActiveCfg = Debug|Any CPU
		{00436682-57B4-4712-9442-5D2A6C491B5B}.Release|Any CPU.ActiveCfg = Release|Any CPU
		{00436682-57B4-4712-9442-5D2A6C491B5B}.Release|Any CPU.Build.0 = Release|Any CPU
		{00436682-57B4-4712-9442-5D2A6C491B5B}.Release|x86.ActiveCfg = Release|Any CPU
		{8A044B04-52FC-4068-B726-804BD00221AC}.Debug|Any CPU.ActiveCfg = Debug|Any CPU
		{8A044B04-52FC-4068-B726-804BD00221AC}.Debug|Any CPU.Build.0 = Debug|Any CPU
		{8A044B04-52FC-4068-B726-804BD00221AC}.Debug|x86.ActiveCfg = Debug|Any CPU
		{8A044B04-52FC-4068-B726-804BD00221AC}.Release|Any CPU.ActiveCfg = Release|Any CPU
		{8A044B04-52FC-4068-B726-804BD00221AC}.Release|Any CPU.Build.0 = Release|Any CPU
		{8A044B04-52FC-4068-B726-804BD00221AC}.Release|x86.ActiveCfg = Release|Any CPU
		{856CA2B8-8C37-4F7D-97F6-8F072FE063CE}.Debug|Any CPU.ActiveCfg = Debug|Any CPU
		{856CA2B8-8C37-4F7D-97F6-8F072FE063CE}.Debug|Any CPU.Build.0 = Debug|Any CPU
		{856CA2B8-8C37-4F7D-97F6-8F072FE063CE}.Debug|x86.ActiveCfg = Debug|x86
		{856CA2B8-8C37-4F7D-97F6-8F072FE063CE}.Debug|x86.Build.0 = Debug|x86
		{856CA2B8-8C37-4F7D-97F6-8F072FE063CE}.Release|Any CPU.ActiveCfg = Release|Any CPU
		{856CA2B8-8C37-4F7D-97F6-8F072FE063CE}.Release|Any CPU.Build.0 = Release|Any CPU
		{856CA2B8-8C37-4F7D-97F6-8F072FE063CE}.Release|x86.ActiveCfg = Release|x86
		{856CA2B8-8C37-4F7D-97F6-8F072FE063CE}.Release|x86.Build.0 = Release|x86
		{0B53AB55-38A7-4F8B-8B75-442B16F0AB9E}.Debug|Any CPU.ActiveCfg = Debug|Any CPU
		{0B53AB55-38A7-4F8B-8B75-442B16F0AB9E}.Debug|Any CPU.Build.0 = Debug|Any CPU
		{0B53AB55-38A7-4F8B-8B75-442B16F0AB9E}.Debug|x86.ActiveCfg = Debug|Any CPU
		{0B53AB55-38A7-4F8B-8B75-442B16F0AB9E}.Debug|x86.Build.0 = Debug|Any CPU
		{0B53AB55-38A7-4F8B-8B75-442B16F0AB9E}.Release|Any CPU.ActiveCfg = Release|Any CPU
		{0B53AB55-38A7-4F8B-8B75-442B16F0AB9E}.Release|Any CPU.Build.0 = Release|Any CPU
		{0B53AB55-38A7-4F8B-8B75-442B16F0AB9E}.Release|x86.ActiveCfg = Release|Any CPU
		{0B53AB55-38A7-4F8B-8B75-442B16F0AB9E}.Release|x86.Build.0 = Release|Any CPU
		{A8F34E0C-91B9-475C-9899-B1BBB64E88FE}.Debug|Any CPU.ActiveCfg = Debug|Any CPU
		{A8F34E0C-91B9-475C-9899-B1BBB64E88FE}.Debug|Any CPU.Build.0 = Debug|Any CPU
		{A8F34E0C-91B9-475C-9899-B1BBB64E88FE}.Debug|x86.ActiveCfg = Debug|Any CPU
		{A8F34E0C-91B9-475C-9899-B1BBB64E88FE}.Debug|x86.Build.0 = Debug|Any CPU
		{A8F34E0C-91B9-475C-9899-B1BBB64E88FE}.Release|Any CPU.ActiveCfg = Release|Any CPU
		{A8F34E0C-91B9-475C-9899-B1BBB64E88FE}.Release|Any CPU.Build.0 = Release|Any CPU
		{A8F34E0C-91B9-475C-9899-B1BBB64E88FE}.Release|x86.ActiveCfg = Release|Any CPU
		{A8F34E0C-91B9-475C-9899-B1BBB64E88FE}.Release|x86.Build.0 = Release|Any CPU
		{8F7C4634-6FC3-4A56-A4FF-C2FB2B9A9985}.Debug|Any CPU.ActiveCfg = Debug|Any CPU
		{8F7C4634-6FC3-4A56-A4FF-C2FB2B9A9985}.Debug|Any CPU.Build.0 = Debug|Any CPU
		{8F7C4634-6FC3-4A56-A4FF-C2FB2B9A9985}.Debug|x86.ActiveCfg = Debug|Any CPU
		{8F7C4634-6FC3-4A56-A4FF-C2FB2B9A9985}.Debug|x86.Build.0 = Debug|Any CPU
		{8F7C4634-6FC3-4A56-A4FF-C2FB2B9A9985}.Release|Any CPU.ActiveCfg = Release|Any CPU
		{8F7C4634-6FC3-4A56-A4FF-C2FB2B9A9985}.Release|Any CPU.Build.0 = Release|Any CPU
		{8F7C4634-6FC3-4A56-A4FF-C2FB2B9A9985}.Release|x86.ActiveCfg = Release|Any CPU
		{8F7C4634-6FC3-4A56-A4FF-C2FB2B9A9985}.Release|x86.Build.0 = Release|Any CPU
		{166305B6-CADC-48FD-879E-1BC05215F189}.Debug|Any CPU.ActiveCfg = Debug|Any CPU
		{166305B6-CADC-48FD-879E-1BC05215F189}.Debug|Any CPU.Build.0 = Debug|Any CPU
		{166305B6-CADC-48FD-879E-1BC05215F189}.Debug|x86.ActiveCfg = Debug|Any CPU
		{166305B6-CADC-48FD-879E-1BC05215F189}.Debug|x86.Build.0 = Debug|Any CPU
		{166305B6-CADC-48FD-879E-1BC05215F189}.Release|Any CPU.ActiveCfg = Release|Any CPU
		{166305B6-CADC-48FD-879E-1BC05215F189}.Release|Any CPU.Build.0 = Release|Any CPU
		{166305B6-CADC-48FD-879E-1BC05215F189}.Release|x86.ActiveCfg = Release|Any CPU
		{166305B6-CADC-48FD-879E-1BC05215F189}.Release|x86.Build.0 = Release|Any CPU
		{CD8CBEB6-507B-4758-8A6E-C4A7026E6259}.Debug|Any CPU.ActiveCfg = Debug|Any CPU
		{CD8CBEB6-507B-4758-8A6E-C4A7026E6259}.Debug|Any CPU.Build.0 = Debug|Any CPU
		{CD8CBEB6-507B-4758-8A6E-C4A7026E6259}.Debug|x86.ActiveCfg = Debug|Any CPU
		{CD8CBEB6-507B-4758-8A6E-C4A7026E6259}.Debug|x86.Build.0 = Debug|Any CPU
		{CD8CBEB6-507B-4758-8A6E-C4A7026E6259}.Release|Any CPU.ActiveCfg = Release|Any CPU
		{CD8CBEB6-507B-4758-8A6E-C4A7026E6259}.Release|Any CPU.Build.0 = Release|Any CPU
		{CD8CBEB6-507B-4758-8A6E-C4A7026E6259}.Release|x86.ActiveCfg = Release|Any CPU
		{CD8CBEB6-507B-4758-8A6E-C4A7026E6259}.Release|x86.Build.0 = Release|Any CPU
		{0D0E29E4-AE37-4058-8159-E7D67C8DDB9C}.Debug|Any CPU.ActiveCfg = Debug|Any CPU
		{0D0E29E4-AE37-4058-8159-E7D67C8DDB9C}.Debug|Any CPU.Build.0 = Debug|Any CPU
		{0D0E29E4-AE37-4058-8159-E7D67C8DDB9C}.Debug|x86.ActiveCfg = Debug|Any CPU
		{0D0E29E4-AE37-4058-8159-E7D67C8DDB9C}.Debug|x86.Build.0 = Debug|Any CPU
		{0D0E29E4-AE37-4058-8159-E7D67C8DDB9C}.Release|Any CPU.ActiveCfg = Release|Any CPU
		{0D0E29E4-AE37-4058-8159-E7D67C8DDB9C}.Release|Any CPU.Build.0 = Release|Any CPU
		{0D0E29E4-AE37-4058-8159-E7D67C8DDB9C}.Release|x86.ActiveCfg = Release|Any CPU
		{0D0E29E4-AE37-4058-8159-E7D67C8DDB9C}.Release|x86.Build.0 = Release|Any CPU
		{BE80264D-7974-44C1-A2A6-2B148D77D5ED}.Debug|Any CPU.ActiveCfg = Debug|Any CPU
		{BE80264D-7974-44C1-A2A6-2B148D77D5ED}.Debug|Any CPU.Build.0 = Debug|Any CPU
		{BE80264D-7974-44C1-A2A6-2B148D77D5ED}.Debug|x86.ActiveCfg = Debug|Any CPU
		{BE80264D-7974-44C1-A2A6-2B148D77D5ED}.Debug|x86.Build.0 = Debug|Any CPU
		{BE80264D-7974-44C1-A2A6-2B148D77D5ED}.Release|Any CPU.ActiveCfg = Release|Any CPU
		{BE80264D-7974-44C1-A2A6-2B148D77D5ED}.Release|Any CPU.Build.0 = Release|Any CPU
		{BE80264D-7974-44C1-A2A6-2B148D77D5ED}.Release|x86.ActiveCfg = Release|Any CPU
		{BE80264D-7974-44C1-A2A6-2B148D77D5ED}.Release|x86.Build.0 = Release|Any CPU
		{69DC163F-08A1-4878-BF90-992276FD7AA7}.Debug|Any CPU.ActiveCfg = Debug|Any CPU
		{69DC163F-08A1-4878-BF90-992276FD7AA7}.Debug|Any CPU.Build.0 = Debug|Any CPU
		{69DC163F-08A1-4878-BF90-992276FD7AA7}.Debug|x86.ActiveCfg = Debug|Any CPU
		{69DC163F-08A1-4878-BF90-992276FD7AA7}.Debug|x86.Build.0 = Debug|Any CPU
		{69DC163F-08A1-4878-BF90-992276FD7AA7}.Release|Any CPU.ActiveCfg = Release|Any CPU
		{69DC163F-08A1-4878-BF90-992276FD7AA7}.Release|Any CPU.Build.0 = Release|Any CPU
		{69DC163F-08A1-4878-BF90-992276FD7AA7}.Release|x86.ActiveCfg = Release|Any CPU
		{69DC163F-08A1-4878-BF90-992276FD7AA7}.Release|x86.Build.0 = Release|Any CPU
		{8F1CAB26-7FFE-44EA-9182-7E19ACC2C935}.Debug|Any CPU.ActiveCfg = Debug|Any CPU
		{8F1CAB26-7FFE-44EA-9182-7E19ACC2C935}.Debug|Any CPU.Build.0 = Debug|Any CPU
		{8F1CAB26-7FFE-44EA-9182-7E19ACC2C935}.Debug|x86.ActiveCfg = Debug|Any CPU
		{8F1CAB26-7FFE-44EA-9182-7E19ACC2C935}.Debug|x86.Build.0 = Debug|Any CPU
		{8F1CAB26-7FFE-44EA-9182-7E19ACC2C935}.Release|Any CPU.ActiveCfg = Release|Any CPU
		{8F1CAB26-7FFE-44EA-9182-7E19ACC2C935}.Release|Any CPU.Build.0 = Release|Any CPU
		{8F1CAB26-7FFE-44EA-9182-7E19ACC2C935}.Release|x86.ActiveCfg = Release|Any CPU
		{8F1CAB26-7FFE-44EA-9182-7E19ACC2C935}.Release|x86.Build.0 = Release|Any CPU
		{73DD8D35-0FF1-4BE8-A69D-C591C5A3D1D2}.Debug|Any CPU.ActiveCfg = Debug|Any CPU
		{73DD8D35-0FF1-4BE8-A69D-C591C5A3D1D2}.Debug|Any CPU.Build.0 = Debug|Any CPU
		{73DD8D35-0FF1-4BE8-A69D-C591C5A3D1D2}.Debug|x86.ActiveCfg = Debug|Any CPU
		{73DD8D35-0FF1-4BE8-A69D-C591C5A3D1D2}.Debug|x86.Build.0 = Debug|Any CPU
		{73DD8D35-0FF1-4BE8-A69D-C591C5A3D1D2}.Release|Any CPU.ActiveCfg = Release|Any CPU
		{73DD8D35-0FF1-4BE8-A69D-C591C5A3D1D2}.Release|Any CPU.Build.0 = Release|Any CPU
		{73DD8D35-0FF1-4BE8-A69D-C591C5A3D1D2}.Release|x86.ActiveCfg = Release|Any CPU
		{73DD8D35-0FF1-4BE8-A69D-C591C5A3D1D2}.Release|x86.Build.0 = Release|Any CPU
		{A725433A-5068-4C03-9DA4-1C507661014A}.Debug|Any CPU.ActiveCfg = Debug|Any CPU
		{A725433A-5068-4C03-9DA4-1C507661014A}.Debug|Any CPU.Build.0 = Debug|Any CPU
		{A725433A-5068-4C03-9DA4-1C507661014A}.Debug|x86.ActiveCfg = Debug|Any CPU
		{A725433A-5068-4C03-9DA4-1C507661014A}.Debug|x86.Build.0 = Debug|Any CPU
		{A725433A-5068-4C03-9DA4-1C507661014A}.Release|Any CPU.ActiveCfg = Release|Any CPU
		{A725433A-5068-4C03-9DA4-1C507661014A}.Release|Any CPU.Build.0 = Release|Any CPU
		{A725433A-5068-4C03-9DA4-1C507661014A}.Release|x86.ActiveCfg = Release|Any CPU
		{A725433A-5068-4C03-9DA4-1C507661014A}.Release|x86.Build.0 = Release|Any CPU
		{67217CE6-758A-4797-9D76-A9671F84D6B4}.Debug|Any CPU.ActiveCfg = Debug|Any CPU
		{67217CE6-758A-4797-9D76-A9671F84D6B4}.Debug|Any CPU.Build.0 = Debug|Any CPU
		{67217CE6-758A-4797-9D76-A9671F84D6B4}.Debug|x86.ActiveCfg = Debug|Any CPU
		{67217CE6-758A-4797-9D76-A9671F84D6B4}.Debug|x86.Build.0 = Debug|Any CPU
		{67217CE6-758A-4797-9D76-A9671F84D6B4}.Release|Any CPU.ActiveCfg = Release|Any CPU
		{67217CE6-758A-4797-9D76-A9671F84D6B4}.Release|Any CPU.Build.0 = Release|Any CPU
		{67217CE6-758A-4797-9D76-A9671F84D6B4}.Release|x86.ActiveCfg = Release|Any CPU
		{67217CE6-758A-4797-9D76-A9671F84D6B4}.Release|x86.Build.0 = Release|Any CPU
		{69540E72-952D-420B-9325-DCF3ED79F7C5}.Debug|Any CPU.ActiveCfg = Debug|Any CPU
		{69540E72-952D-420B-9325-DCF3ED79F7C5}.Debug|Any CPU.Build.0 = Debug|Any CPU
		{69540E72-952D-420B-9325-DCF3ED79F7C5}.Debug|x86.ActiveCfg = Debug|Any CPU
		{69540E72-952D-420B-9325-DCF3ED79F7C5}.Debug|x86.Build.0 = Debug|Any CPU
		{69540E72-952D-420B-9325-DCF3ED79F7C5}.Release|Any CPU.ActiveCfg = Release|Any CPU
		{69540E72-952D-420B-9325-DCF3ED79F7C5}.Release|Any CPU.Build.0 = Release|Any CPU
		{69540E72-952D-420B-9325-DCF3ED79F7C5}.Release|x86.ActiveCfg = Release|Any CPU
		{69540E72-952D-420B-9325-DCF3ED79F7C5}.Release|x86.Build.0 = Release|Any CPU
		{214DFEBE-FAD0-43F3-8B10-655D8B527283}.Debug|Any CPU.ActiveCfg = Debug|Any CPU
		{214DFEBE-FAD0-43F3-8B10-655D8B527283}.Debug|Any CPU.Build.0 = Debug|Any CPU
		{214DFEBE-FAD0-43F3-8B10-655D8B527283}.Debug|x86.ActiveCfg = Debug|Any CPU
		{214DFEBE-FAD0-43F3-8B10-655D8B527283}.Debug|x86.Build.0 = Debug|Any CPU
		{214DFEBE-FAD0-43F3-8B10-655D8B527283}.Release|Any CPU.ActiveCfg = Release|Any CPU
		{214DFEBE-FAD0-43F3-8B10-655D8B527283}.Release|Any CPU.Build.0 = Release|Any CPU
		{214DFEBE-FAD0-43F3-8B10-655D8B527283}.Release|x86.ActiveCfg = Release|Any CPU
		{214DFEBE-FAD0-43F3-8B10-655D8B527283}.Release|x86.Build.0 = Release|Any CPU
		{8B88996F-9627-43D5-8EAE-F46D1CF386FD}.Debug|Any CPU.ActiveCfg = Debug|Any CPU
		{8B88996F-9627-43D5-8EAE-F46D1CF386FD}.Debug|Any CPU.Build.0 = Debug|Any CPU
		{8B88996F-9627-43D5-8EAE-F46D1CF386FD}.Debug|x86.ActiveCfg = Debug|Any CPU
		{8B88996F-9627-43D5-8EAE-F46D1CF386FD}.Debug|x86.Build.0 = Debug|Any CPU
		{8B88996F-9627-43D5-8EAE-F46D1CF386FD}.Release|Any CPU.ActiveCfg = Release|Any CPU
		{8B88996F-9627-43D5-8EAE-F46D1CF386FD}.Release|Any CPU.Build.0 = Release|Any CPU
		{8B88996F-9627-43D5-8EAE-F46D1CF386FD}.Release|x86.ActiveCfg = Release|Any CPU
		{8B88996F-9627-43D5-8EAE-F46D1CF386FD}.Release|x86.Build.0 = Release|Any CPU
		{56718716-E771-459F-9D24-178D92671F89}.Debug|Any CPU.ActiveCfg = Debug|Any CPU
		{56718716-E771-459F-9D24-178D92671F89}.Debug|Any CPU.Build.0 = Debug|Any CPU
		{56718716-E771-459F-9D24-178D92671F89}.Debug|x86.ActiveCfg = Debug|Any CPU
		{56718716-E771-459F-9D24-178D92671F89}.Debug|x86.Build.0 = Debug|Any CPU
		{56718716-E771-459F-9D24-178D92671F89}.Release|Any CPU.ActiveCfg = Release|Any CPU
		{56718716-E771-459F-9D24-178D92671F89}.Release|Any CPU.Build.0 = Release|Any CPU
		{56718716-E771-459F-9D24-178D92671F89}.Release|x86.ActiveCfg = Release|Any CPU
		{56718716-E771-459F-9D24-178D92671F89}.Release|x86.Build.0 = Release|Any CPU
		{00B9E67D-D362-45D0-89DE-A9170DD6ADE0}.Debug|Any CPU.ActiveCfg = Debug|Any CPU
		{00B9E67D-D362-45D0-89DE-A9170DD6ADE0}.Debug|Any CPU.Build.0 = Debug|Any CPU
		{00B9E67D-D362-45D0-89DE-A9170DD6ADE0}.Debug|x86.ActiveCfg = Debug|Any CPU
		{00B9E67D-D362-45D0-89DE-A9170DD6ADE0}.Debug|x86.Build.0 = Debug|Any CPU
		{00B9E67D-D362-45D0-89DE-A9170DD6ADE0}.Release|Any CPU.ActiveCfg = Release|Any CPU
		{00B9E67D-D362-45D0-89DE-A9170DD6ADE0}.Release|Any CPU.Build.0 = Release|Any CPU
		{00B9E67D-D362-45D0-89DE-A9170DD6ADE0}.Release|x86.ActiveCfg = Release|Any CPU
		{00B9E67D-D362-45D0-89DE-A9170DD6ADE0}.Release|x86.Build.0 = Release|Any CPU
		{BFFF5A6D-B8E0-4D97-9A7B-0F3C028C866A}.Debug|Any CPU.ActiveCfg = Debug|Any CPU
		{BFFF5A6D-B8E0-4D97-9A7B-0F3C028C866A}.Debug|Any CPU.Build.0 = Debug|Any CPU
		{BFFF5A6D-B8E0-4D97-9A7B-0F3C028C866A}.Debug|x86.ActiveCfg = Debug|Any CPU
		{BFFF5A6D-B8E0-4D97-9A7B-0F3C028C866A}.Debug|x86.Build.0 = Debug|Any CPU
		{BFFF5A6D-B8E0-4D97-9A7B-0F3C028C866A}.Release|Any CPU.ActiveCfg = Release|Any CPU
		{BFFF5A6D-B8E0-4D97-9A7B-0F3C028C866A}.Release|Any CPU.Build.0 = Release|Any CPU
		{BFFF5A6D-B8E0-4D97-9A7B-0F3C028C866A}.Release|x86.ActiveCfg = Release|Any CPU
		{BFFF5A6D-B8E0-4D97-9A7B-0F3C028C866A}.Release|x86.Build.0 = Release|Any CPU
		{D7D26197-E069-4B01-89EE-D9BBC1661189}.Debug|Any CPU.ActiveCfg = Debug|Any CPU
		{D7D26197-E069-4B01-89EE-D9BBC1661189}.Debug|Any CPU.Build.0 = Debug|Any CPU
		{D7D26197-E069-4B01-89EE-D9BBC1661189}.Debug|x86.ActiveCfg = Debug|Any CPU
		{D7D26197-E069-4B01-89EE-D9BBC1661189}.Debug|x86.Build.0 = Debug|Any CPU
		{D7D26197-E069-4B01-89EE-D9BBC1661189}.Release|Any CPU.ActiveCfg = Release|Any CPU
		{D7D26197-E069-4B01-89EE-D9BBC1661189}.Release|Any CPU.Build.0 = Release|Any CPU
		{D7D26197-E069-4B01-89EE-D9BBC1661189}.Release|x86.ActiveCfg = Release|Any CPU
		{D7D26197-E069-4B01-89EE-D9BBC1661189}.Release|x86.Build.0 = Release|Any CPU
		{93280D39-7D6A-4E99-B4A2-35AA98C3FE84}.Debug|Any CPU.ActiveCfg = Debug|Any CPU
		{93280D39-7D6A-4E99-B4A2-35AA98C3FE84}.Debug|Any CPU.Build.0 = Debug|Any CPU
		{93280D39-7D6A-4E99-B4A2-35AA98C3FE84}.Debug|x86.ActiveCfg = Debug|Any CPU
		{93280D39-7D6A-4E99-B4A2-35AA98C3FE84}.Debug|x86.Build.0 = Debug|Any CPU
		{93280D39-7D6A-4E99-B4A2-35AA98C3FE84}.Release|Any CPU.ActiveCfg = Release|Any CPU
		{93280D39-7D6A-4E99-B4A2-35AA98C3FE84}.Release|Any CPU.Build.0 = Release|Any CPU
		{93280D39-7D6A-4E99-B4A2-35AA98C3FE84}.Release|x86.ActiveCfg = Release|Any CPU
		{93280D39-7D6A-4E99-B4A2-35AA98C3FE84}.Release|x86.Build.0 = Release|Any CPU
		{F28178A1-8194-4ECE-9550-503319B40FD5}.Debug|Any CPU.ActiveCfg = Debug|Any CPU
		{F28178A1-8194-4ECE-9550-503319B40FD5}.Debug|Any CPU.Build.0 = Debug|Any CPU
		{F28178A1-8194-4ECE-9550-503319B40FD5}.Debug|x86.ActiveCfg = Debug|Any CPU
		{F28178A1-8194-4ECE-9550-503319B40FD5}.Debug|x86.Build.0 = Debug|Any CPU
		{F28178A1-8194-4ECE-9550-503319B40FD5}.Release|Any CPU.ActiveCfg = Release|Any CPU
		{F28178A1-8194-4ECE-9550-503319B40FD5}.Release|Any CPU.Build.0 = Release|Any CPU
		{F28178A1-8194-4ECE-9550-503319B40FD5}.Release|x86.ActiveCfg = Release|Any CPU
		{F28178A1-8194-4ECE-9550-503319B40FD5}.Release|x86.Build.0 = Release|Any CPU
		{0E4F7C58-255C-4B33-92C3-5A46160B054A}.Debug|Any CPU.ActiveCfg = Debug|Any CPU
		{0E4F7C58-255C-4B33-92C3-5A46160B054A}.Debug|Any CPU.Build.0 = Debug|Any CPU
		{0E4F7C58-255C-4B33-92C3-5A46160B054A}.Debug|x86.ActiveCfg = Debug|Any CPU
		{0E4F7C58-255C-4B33-92C3-5A46160B054A}.Debug|x86.Build.0 = Debug|Any CPU
		{0E4F7C58-255C-4B33-92C3-5A46160B054A}.Release|Any CPU.ActiveCfg = Release|Any CPU
		{0E4F7C58-255C-4B33-92C3-5A46160B054A}.Release|Any CPU.Build.0 = Release|Any CPU
		{0E4F7C58-255C-4B33-92C3-5A46160B054A}.Release|x86.ActiveCfg = Release|Any CPU
		{0E4F7C58-255C-4B33-92C3-5A46160B054A}.Release|x86.Build.0 = Release|Any CPU
		{BD9EFBF2-4975-4573-A7C4-D6B3A71D5830}.Debug|Any CPU.ActiveCfg = Debug|Any CPU
		{BD9EFBF2-4975-4573-A7C4-D6B3A71D5830}.Debug|Any CPU.Build.0 = Debug|Any CPU
		{BD9EFBF2-4975-4573-A7C4-D6B3A71D5830}.Debug|x86.ActiveCfg = Debug|Any CPU
		{BD9EFBF2-4975-4573-A7C4-D6B3A71D5830}.Debug|x86.Build.0 = Debug|Any CPU
		{BD9EFBF2-4975-4573-A7C4-D6B3A71D5830}.Release|Any CPU.ActiveCfg = Release|Any CPU
		{BD9EFBF2-4975-4573-A7C4-D6B3A71D5830}.Release|Any CPU.Build.0 = Release|Any CPU
		{BD9EFBF2-4975-4573-A7C4-D6B3A71D5830}.Release|x86.ActiveCfg = Release|Any CPU
		{BD9EFBF2-4975-4573-A7C4-D6B3A71D5830}.Release|x86.Build.0 = Release|Any CPU
		{6C3E9D1C-DDE3-4CDD-B967-B5D0341571AB}.Debug|Any CPU.ActiveCfg = Debug|Any CPU
		{6C3E9D1C-DDE3-4CDD-B967-B5D0341571AB}.Debug|Any CPU.Build.0 = Debug|Any CPU
		{6C3E9D1C-DDE3-4CDD-B967-B5D0341571AB}.Debug|x86.ActiveCfg = Debug|Any CPU
		{6C3E9D1C-DDE3-4CDD-B967-B5D0341571AB}.Debug|x86.Build.0 = Debug|Any CPU
		{6C3E9D1C-DDE3-4CDD-B967-B5D0341571AB}.Release|Any CPU.ActiveCfg = Release|Any CPU
		{6C3E9D1C-DDE3-4CDD-B967-B5D0341571AB}.Release|Any CPU.Build.0 = Release|Any CPU
		{6C3E9D1C-DDE3-4CDD-B967-B5D0341571AB}.Release|x86.ActiveCfg = Release|Any CPU
		{6C3E9D1C-DDE3-4CDD-B967-B5D0341571AB}.Release|x86.Build.0 = Release|Any CPU
		{9CC91CC8-52C2-4234-9870-EEF98A0DE742}.Debug|Any CPU.ActiveCfg = Debug|Any CPU
		{9CC91CC8-52C2-4234-9870-EEF98A0DE742}.Debug|Any CPU.Build.0 = Debug|Any CPU
		{9CC91CC8-52C2-4234-9870-EEF98A0DE742}.Debug|x86.ActiveCfg = Debug|Any CPU
		{9CC91CC8-52C2-4234-9870-EEF98A0DE742}.Debug|x86.Build.0 = Debug|Any CPU
		{9CC91CC8-52C2-4234-9870-EEF98A0DE742}.Release|Any CPU.ActiveCfg = Release|Any CPU
		{9CC91CC8-52C2-4234-9870-EEF98A0DE742}.Release|Any CPU.Build.0 = Release|Any CPU
		{9CC91CC8-52C2-4234-9870-EEF98A0DE742}.Release|x86.ActiveCfg = Release|Any CPU
		{9CC91CC8-52C2-4234-9870-EEF98A0DE742}.Release|x86.Build.0 = Release|Any CPU
		{F916196A-3861-4949-B453-31014CA37B20}.Debug|Any CPU.ActiveCfg = Debug|Any CPU
		{F916196A-3861-4949-B453-31014CA37B20}.Debug|Any CPU.Build.0 = Debug|Any CPU
		{F916196A-3861-4949-B453-31014CA37B20}.Debug|x86.ActiveCfg = Debug|Any CPU
		{F916196A-3861-4949-B453-31014CA37B20}.Debug|x86.Build.0 = Debug|Any CPU
		{F916196A-3861-4949-B453-31014CA37B20}.Release|Any CPU.ActiveCfg = Release|Any CPU
		{F916196A-3861-4949-B453-31014CA37B20}.Release|Any CPU.Build.0 = Release|Any CPU
		{F916196A-3861-4949-B453-31014CA37B20}.Release|x86.ActiveCfg = Release|Any CPU
		{F916196A-3861-4949-B453-31014CA37B20}.Release|x86.Build.0 = Release|Any CPU
		{7C900B87-6630-455A-BE7B-B04EFBCBD465}.Debug|Any CPU.ActiveCfg = Debug|Any CPU
		{7C900B87-6630-455A-BE7B-B04EFBCBD465}.Debug|Any CPU.Build.0 = Debug|Any CPU
		{7C900B87-6630-455A-BE7B-B04EFBCBD465}.Debug|x86.ActiveCfg = Debug|Any CPU
		{7C900B87-6630-455A-BE7B-B04EFBCBD465}.Debug|x86.Build.0 = Debug|Any CPU
		{7C900B87-6630-455A-BE7B-B04EFBCBD465}.Release|Any CPU.ActiveCfg = Release|Any CPU
		{7C900B87-6630-455A-BE7B-B04EFBCBD465}.Release|Any CPU.Build.0 = Release|Any CPU
		{7C900B87-6630-455A-BE7B-B04EFBCBD465}.Release|x86.ActiveCfg = Release|Any CPU
		{7C900B87-6630-455A-BE7B-B04EFBCBD465}.Release|x86.Build.0 = Release|Any CPU
		{06EC389B-57C9-4A20-B3B5-B88BE518D3BC}.Debug|Any CPU.ActiveCfg = Debug|Any CPU
		{06EC389B-57C9-4A20-B3B5-B88BE518D3BC}.Debug|Any CPU.Build.0 = Debug|Any CPU
		{06EC389B-57C9-4A20-B3B5-B88BE518D3BC}.Debug|x86.ActiveCfg = Debug|Any CPU
		{06EC389B-57C9-4A20-B3B5-B88BE518D3BC}.Debug|x86.Build.0 = Debug|Any CPU
		{06EC389B-57C9-4A20-B3B5-B88BE518D3BC}.Release|Any CPU.ActiveCfg = Release|Any CPU
		{06EC389B-57C9-4A20-B3B5-B88BE518D3BC}.Release|Any CPU.Build.0 = Release|Any CPU
		{06EC389B-57C9-4A20-B3B5-B88BE518D3BC}.Release|x86.ActiveCfg = Release|Any CPU
		{06EC389B-57C9-4A20-B3B5-B88BE518D3BC}.Release|x86.Build.0 = Release|Any CPU
		{C8F01325-3AA2-4435-A55F-CF411820FB90}.Debug|Any CPU.ActiveCfg = Debug|Any CPU
		{C8F01325-3AA2-4435-A55F-CF411820FB90}.Debug|Any CPU.Build.0 = Debug|Any CPU
		{C8F01325-3AA2-4435-A55F-CF411820FB90}.Debug|x86.ActiveCfg = Debug|Any CPU
		{C8F01325-3AA2-4435-A55F-CF411820FB90}.Debug|x86.Build.0 = Debug|Any CPU
		{C8F01325-3AA2-4435-A55F-CF411820FB90}.Release|Any CPU.ActiveCfg = Release|Any CPU
		{C8F01325-3AA2-4435-A55F-CF411820FB90}.Release|Any CPU.Build.0 = Release|Any CPU
		{C8F01325-3AA2-4435-A55F-CF411820FB90}.Release|x86.ActiveCfg = Release|Any CPU
		{C8F01325-3AA2-4435-A55F-CF411820FB90}.Release|x86.Build.0 = Release|Any CPU
		{818D966A-986E-4B82-B9C4-9B24FEAE050D}.Debug|Any CPU.ActiveCfg = Debug|Any CPU
		{818D966A-986E-4B82-B9C4-9B24FEAE050D}.Debug|Any CPU.Build.0 = Debug|Any CPU
		{818D966A-986E-4B82-B9C4-9B24FEAE050D}.Debug|x86.ActiveCfg = Debug|Any CPU
		{818D966A-986E-4B82-B9C4-9B24FEAE050D}.Debug|x86.Build.0 = Debug|Any CPU
		{818D966A-986E-4B82-B9C4-9B24FEAE050D}.Release|Any CPU.ActiveCfg = Release|Any CPU
		{818D966A-986E-4B82-B9C4-9B24FEAE050D}.Release|Any CPU.Build.0 = Release|Any CPU
		{818D966A-986E-4B82-B9C4-9B24FEAE050D}.Release|x86.ActiveCfg = Release|Any CPU
		{818D966A-986E-4B82-B9C4-9B24FEAE050D}.Release|x86.Build.0 = Release|Any CPU
		{9A86CA50-A09B-4D11-806E-A32D8B0219A7}.Debug|Any CPU.ActiveCfg = Debug|Any CPU
		{9A86CA50-A09B-4D11-806E-A32D8B0219A7}.Debug|Any CPU.Build.0 = Debug|Any CPU
		{9A86CA50-A09B-4D11-806E-A32D8B0219A7}.Debug|x86.ActiveCfg = Debug|Any CPU
		{9A86CA50-A09B-4D11-806E-A32D8B0219A7}.Debug|x86.Build.0 = Debug|Any CPU
		{9A86CA50-A09B-4D11-806E-A32D8B0219A7}.Release|Any CPU.ActiveCfg = Release|Any CPU
		{9A86CA50-A09B-4D11-806E-A32D8B0219A7}.Release|Any CPU.Build.0 = Release|Any CPU
		{9A86CA50-A09B-4D11-806E-A32D8B0219A7}.Release|x86.ActiveCfg = Release|Any CPU
		{9A86CA50-A09B-4D11-806E-A32D8B0219A7}.Release|x86.Build.0 = Release|Any CPU
		{75E2FB09-661E-4DF1-A5EF-E46D65826A11}.Debug|Any CPU.ActiveCfg = Debug|Any CPU
		{75E2FB09-661E-4DF1-A5EF-E46D65826A11}.Debug|Any CPU.Build.0 = Debug|Any CPU
		{75E2FB09-661E-4DF1-A5EF-E46D65826A11}.Debug|x86.ActiveCfg = Debug|Any CPU
		{75E2FB09-661E-4DF1-A5EF-E46D65826A11}.Debug|x86.Build.0 = Debug|Any CPU
		{75E2FB09-661E-4DF1-A5EF-E46D65826A11}.Release|Any CPU.ActiveCfg = Release|Any CPU
		{75E2FB09-661E-4DF1-A5EF-E46D65826A11}.Release|Any CPU.Build.0 = Release|Any CPU
		{75E2FB09-661E-4DF1-A5EF-E46D65826A11}.Release|x86.ActiveCfg = Release|Any CPU
		{75E2FB09-661E-4DF1-A5EF-E46D65826A11}.Release|x86.Build.0 = Release|Any CPU
		{FA72D8F3-0BCF-464E-9D44-71542318ADA0}.Debug|Any CPU.ActiveCfg = Debug|Any CPU
		{FA72D8F3-0BCF-464E-9D44-71542318ADA0}.Debug|Any CPU.Build.0 = Debug|Any CPU
		{FA72D8F3-0BCF-464E-9D44-71542318ADA0}.Debug|x86.ActiveCfg = Debug|Any CPU
		{FA72D8F3-0BCF-464E-9D44-71542318ADA0}.Debug|x86.Build.0 = Debug|Any CPU
		{FA72D8F3-0BCF-464E-9D44-71542318ADA0}.Release|Any CPU.ActiveCfg = Release|Any CPU
		{FA72D8F3-0BCF-464E-9D44-71542318ADA0}.Release|Any CPU.Build.0 = Release|Any CPU
		{FA72D8F3-0BCF-464E-9D44-71542318ADA0}.Release|x86.ActiveCfg = Release|Any CPU
		{FA72D8F3-0BCF-464E-9D44-71542318ADA0}.Release|x86.Build.0 = Release|Any CPU
		{CAE93913-77E4-4C9B-8CAA-4E94C9314F70}.Debug|Any CPU.ActiveCfg = Debug|Any CPU
		{CAE93913-77E4-4C9B-8CAA-4E94C9314F70}.Debug|Any CPU.Build.0 = Debug|Any CPU
		{CAE93913-77E4-4C9B-8CAA-4E94C9314F70}.Debug|x86.ActiveCfg = Debug|Any CPU
		{CAE93913-77E4-4C9B-8CAA-4E94C9314F70}.Debug|x86.Build.0 = Debug|Any CPU
		{CAE93913-77E4-4C9B-8CAA-4E94C9314F70}.Release|Any CPU.ActiveCfg = Release|Any CPU
		{CAE93913-77E4-4C9B-8CAA-4E94C9314F70}.Release|Any CPU.Build.0 = Release|Any CPU
		{CAE93913-77E4-4C9B-8CAA-4E94C9314F70}.Release|x86.ActiveCfg = Release|Any CPU
		{CAE93913-77E4-4C9B-8CAA-4E94C9314F70}.Release|x86.Build.0 = Release|Any CPU
		{B3DA0B50-CED5-4DF3-AD35-BE06930B8AA8}.Debug|Any CPU.ActiveCfg = Debug|Any CPU
		{B3DA0B50-CED5-4DF3-AD35-BE06930B8AA8}.Debug|Any CPU.Build.0 = Debug|Any CPU
		{B3DA0B50-CED5-4DF3-AD35-BE06930B8AA8}.Debug|x86.ActiveCfg = Debug|Any CPU
		{B3DA0B50-CED5-4DF3-AD35-BE06930B8AA8}.Debug|x86.Build.0 = Debug|Any CPU
		{B3DA0B50-CED5-4DF3-AD35-BE06930B8AA8}.Release|Any CPU.ActiveCfg = Release|Any CPU
		{B3DA0B50-CED5-4DF3-AD35-BE06930B8AA8}.Release|Any CPU.Build.0 = Release|Any CPU
		{B3DA0B50-CED5-4DF3-AD35-BE06930B8AA8}.Release|x86.ActiveCfg = Release|Any CPU
		{B3DA0B50-CED5-4DF3-AD35-BE06930B8AA8}.Release|x86.Build.0 = Release|Any CPU
		{8868125F-7660-4E50-B812-53FAF2C0C094}.Debug|Any CPU.ActiveCfg = Debug|Any CPU
		{8868125F-7660-4E50-B812-53FAF2C0C094}.Debug|Any CPU.Build.0 = Debug|Any CPU
		{8868125F-7660-4E50-B812-53FAF2C0C094}.Debug|x86.ActiveCfg = Debug|Any CPU
		{8868125F-7660-4E50-B812-53FAF2C0C094}.Debug|x86.Build.0 = Debug|Any CPU
		{8868125F-7660-4E50-B812-53FAF2C0C094}.Release|Any CPU.ActiveCfg = Release|Any CPU
		{8868125F-7660-4E50-B812-53FAF2C0C094}.Release|Any CPU.Build.0 = Release|Any CPU
		{8868125F-7660-4E50-B812-53FAF2C0C094}.Release|x86.ActiveCfg = Release|Any CPU
		{8868125F-7660-4E50-B812-53FAF2C0C094}.Release|x86.Build.0 = Release|Any CPU
		{07F21E0E-86C9-4C8A-B3B9-3F96D27F9B1F}.Debug|Any CPU.ActiveCfg = Debug|Any CPU
		{07F21E0E-86C9-4C8A-B3B9-3F96D27F9B1F}.Debug|Any CPU.Build.0 = Debug|Any CPU
		{07F21E0E-86C9-4C8A-B3B9-3F96D27F9B1F}.Debug|x86.ActiveCfg = Debug|Any CPU
		{07F21E0E-86C9-4C8A-B3B9-3F96D27F9B1F}.Debug|x86.Build.0 = Debug|Any CPU
		{07F21E0E-86C9-4C8A-B3B9-3F96D27F9B1F}.Release|Any CPU.ActiveCfg = Release|Any CPU
		{07F21E0E-86C9-4C8A-B3B9-3F96D27F9B1F}.Release|Any CPU.Build.0 = Release|Any CPU
		{07F21E0E-86C9-4C8A-B3B9-3F96D27F9B1F}.Release|x86.ActiveCfg = Release|Any CPU
		{07F21E0E-86C9-4C8A-B3B9-3F96D27F9B1F}.Release|x86.Build.0 = Release|Any CPU
		{7DA48359-EC40-4C08-9AA2-DDA5F50F6CC6}.Debug|Any CPU.ActiveCfg = Debug|Any CPU
		{7DA48359-EC40-4C08-9AA2-DDA5F50F6CC6}.Debug|Any CPU.Build.0 = Debug|Any CPU
		{7DA48359-EC40-4C08-9AA2-DDA5F50F6CC6}.Debug|x86.ActiveCfg = Debug|Any CPU
		{7DA48359-EC40-4C08-9AA2-DDA5F50F6CC6}.Debug|x86.Build.0 = Debug|Any CPU
		{7DA48359-EC40-4C08-9AA2-DDA5F50F6CC6}.Release|Any CPU.ActiveCfg = Release|Any CPU
		{7DA48359-EC40-4C08-9AA2-DDA5F50F6CC6}.Release|Any CPU.Build.0 = Release|Any CPU
		{7DA48359-EC40-4C08-9AA2-DDA5F50F6CC6}.Release|x86.ActiveCfg = Release|Any CPU
		{7DA48359-EC40-4C08-9AA2-DDA5F50F6CC6}.Release|x86.Build.0 = Release|Any CPU
		{1997D367-7DED-497B-9966-A16A8D269C21}.Debug|Any CPU.ActiveCfg = Debug|Any CPU
		{1997D367-7DED-497B-9966-A16A8D269C21}.Debug|Any CPU.Build.0 = Debug|Any CPU
		{1997D367-7DED-497B-9966-A16A8D269C21}.Debug|x86.ActiveCfg = Debug|Any CPU
		{1997D367-7DED-497B-9966-A16A8D269C21}.Debug|x86.Build.0 = Debug|Any CPU
		{1997D367-7DED-497B-9966-A16A8D269C21}.Release|Any CPU.ActiveCfg = Release|Any CPU
		{1997D367-7DED-497B-9966-A16A8D269C21}.Release|Any CPU.Build.0 = Release|Any CPU
		{1997D367-7DED-497B-9966-A16A8D269C21}.Release|x86.ActiveCfg = Release|Any CPU
		{1997D367-7DED-497B-9966-A16A8D269C21}.Release|x86.Build.0 = Release|Any CPU
		{FB1D1F9B-50D9-403B-8F29-43B4A3F421D1}.Debug|Any CPU.ActiveCfg = Debug|Any CPU
		{FB1D1F9B-50D9-403B-8F29-43B4A3F421D1}.Debug|Any CPU.Build.0 = Debug|Any CPU
		{FB1D1F9B-50D9-403B-8F29-43B4A3F421D1}.Debug|x86.ActiveCfg = Debug|Any CPU
		{FB1D1F9B-50D9-403B-8F29-43B4A3F421D1}.Debug|x86.Build.0 = Debug|Any CPU
		{FB1D1F9B-50D9-403B-8F29-43B4A3F421D1}.Release|Any CPU.ActiveCfg = Release|Any CPU
		{FB1D1F9B-50D9-403B-8F29-43B4A3F421D1}.Release|Any CPU.Build.0 = Release|Any CPU
		{FB1D1F9B-50D9-403B-8F29-43B4A3F421D1}.Release|x86.ActiveCfg = Release|Any CPU
		{FB1D1F9B-50D9-403B-8F29-43B4A3F421D1}.Release|x86.Build.0 = Release|Any CPU
		{B3FA77BC-0934-4801-97A2-CD802569F44F}.Debug|Any CPU.ActiveCfg = Debug|Any CPU
		{B3FA77BC-0934-4801-97A2-CD802569F44F}.Debug|Any CPU.Build.0 = Debug|Any CPU
		{B3FA77BC-0934-4801-97A2-CD802569F44F}.Debug|x86.ActiveCfg = Debug|Any CPU
		{B3FA77BC-0934-4801-97A2-CD802569F44F}.Debug|x86.Build.0 = Debug|Any CPU
		{B3FA77BC-0934-4801-97A2-CD802569F44F}.Release|Any CPU.ActiveCfg = Release|Any CPU
		{B3FA77BC-0934-4801-97A2-CD802569F44F}.Release|Any CPU.Build.0 = Release|Any CPU
		{B3FA77BC-0934-4801-97A2-CD802569F44F}.Release|x86.ActiveCfg = Release|Any CPU
		{B3FA77BC-0934-4801-97A2-CD802569F44F}.Release|x86.Build.0 = Release|Any CPU
	EndGlobalSection
	GlobalSection(SolutionProperties) = preSolution
		HideSolutionNode = FALSE
	EndGlobalSection
	GlobalSection(NestedProjects) = preSolution
		{F5C27A6D-243A-4866-AD6C-6CCBD02F52A2} = {BF5E8E4E-231C-4804-9124-B3B751C8FBF7}
		{4C515105-7B54-4FD0-996D-C70EDB92D2D0} = {BF5E8E4E-231C-4804-9124-B3B751C8FBF7}
		{8BB096F4-1DB0-4038-BA69-A4F75406D336} = {BF5E8E4E-231C-4804-9124-B3B751C8FBF7}
		{69DC163F-08A1-4878-BF90-992276FD7AA7} = {BF5E8E4E-231C-4804-9124-B3B751C8FBF7}
		{73DD8D35-0FF1-4BE8-A69D-C591C5A3D1D2} = {BF5E8E4E-231C-4804-9124-B3B751C8FBF7}
		{A725433A-5068-4C03-9DA4-1C507661014A} = {BF5E8E4E-231C-4804-9124-B3B751C8FBF7}
		{56718716-E771-459F-9D24-178D92671F89} = {ACAFC57C-995F-4945-A219-5813BA5AC19C}
		{BFFF5A6D-B8E0-4D97-9A7B-0F3C028C866A} = {BF5E8E4E-231C-4804-9124-B3B751C8FBF7}
		{93280D39-7D6A-4E99-B4A2-35AA98C3FE84} = {BF5E8E4E-231C-4804-9124-B3B751C8FBF7}
		{F916196A-3861-4949-B453-31014CA37B20} = {BF5E8E4E-231C-4804-9124-B3B751C8FBF7}
		{9A86CA50-A09B-4D11-806E-A32D8B0219A7} = {BF5E8E4E-231C-4804-9124-B3B751C8FBF7}
		{7DA48359-EC40-4C08-9AA2-DDA5F50F6CC6} = {BF5E8E4E-231C-4804-9124-B3B751C8FBF7}
	EndGlobalSection
	GlobalSection(ExtensibilityGlobals) = postSolution
		SolutionGuid = {0DB4F56F-97BD-4E7B-942A-8056B18A9C6D}
	EndGlobalSection
EndGlobal
