
Microsoft Visual Studio Solution File, Format Version 12.00
# Visual Studio 15
VisualStudioVersion = 15.0.28307.645
MinimumVisualStudioVersion = 10.0.40219.1
Project("{FAE04EC0-301F-11D3-BF4B-00C04F79EFBC}") = "BegCShCollections", "BegCShCollections\BegCShCollections.csproj", "{C17343C0-BE1C-4D2E-AF00-A2CE57078125}"
EndProject
Project("{FAE04EC0-301F-11D3-BF4B-00C04F79EFBC}") = "ACM.BL", "ACM.BL\ACM.BL.csproj", "{E2A9398E-06C5-4AA7-B3D2-96AEA9C0DC68}"
EndProject
Project("{2150E333-8FDC-42A3-9474-1A3956D46DE8}") = "Tests", "Tests", "{BF5E8E4E-231C-4804-9124-B3B751C8FBF7}"
EndProject
Project("{FAE04EC0-301F-11D3-BF4B-00C04F79EFBC}") = "ACM.BL.Test", "ACM.BL.Test\ACM.BL.Test.csproj", "{F5C27A6D-243A-4866-AD6C-6CCBD02F52A2}"
EndProject
Project("{FAE04EC0-301F-11D3-BF4B-00C04F79EFBC}") = "ACME.Common", "ACME.Common\ACME.Common.csproj", "{68D19C4D-9FA1-48B5-B4B2-3202513F16A0}"
EndProject
Project("{FAE04EC0-301F-11D3-BF4B-00C04F79EFBC}") = "Interfaces", "Interfaces\Interfaces.csproj", "{58AC1634-42AC-4EF7-9D0C-42EB073106A5}"
EndProject
Project("{FAE04EC0-301F-11D3-BF4B-00C04F79EFBC}") = "Interfaces.Library", "Interfaces.Library\Interfaces.Library.csproj", "{198D08C7-2F91-49BB-BB81-C8D05C460CAA}"
EndProject
Project("{FAE04EC0-301F-11D3-BF4B-00C04F79EFBC}") = "Interfaces.PeopleViewer", "Interfaces.PeopleViewer\Interfaces.PeopleViewer.csproj", "{CF59C7D2-E978-4F08-8234-F092EA8370FC}"
EndProject
Project("{FAE04EC0-301F-11D3-BF4B-00C04F79EFBC}") = "Interfaces.People.Library", "Interfaces.People.Library\Interfaces.People.Library.csproj", "{FFFF5388-2A95-4982-B86B-A79B086DDA78}"
EndProject
Project("{FAE04EC0-301F-11D3-BF4B-00C04F79EFBC}") = "Interfaces.Common", "Interfaces.Common\Interfaces.Common.csproj", "{8B27AD38-063F-4944-B089-ECC65032FD64}"
EndProject
Global
	GlobalSection(SolutionConfigurationPlatforms) = preSolution
		Debug|Any CPU = Debug|Any CPU
		Release|Any CPU = Release|Any CPU
	EndGlobalSection
	GlobalSection(ProjectConfigurationPlatforms) = postSolution
		{C17343C0-BE1C-4D2E-AF00-A2CE57078125}.Debug|Any CPU.ActiveCfg = Debug|Any CPU
		{C17343C0-BE1C-4D2E-AF00-A2CE57078125}.Debug|Any CPU.Build.0 = Debug|Any CPU
		{C17343C0-BE1C-4D2E-AF00-A2CE57078125}.Release|Any CPU.ActiveCfg = Release|Any CPU
		{C17343C0-BE1C-4D2E-AF00-A2CE57078125}.Release|Any CPU.Build.0 = Release|Any CPU
		{E2A9398E-06C5-4AA7-B3D2-96AEA9C0DC68}.Debug|Any CPU.ActiveCfg = Debug|Any CPU
		{E2A9398E-06C5-4AA7-B3D2-96AEA9C0DC68}.Debug|Any CPU.Build.0 = Debug|Any CPU
		{E2A9398E-06C5-4AA7-B3D2-96AEA9C0DC68}.Release|Any CPU.ActiveCfg = Release|Any CPU
		{E2A9398E-06C5-4AA7-B3D2-96AEA9C0DC68}.Release|Any CPU.Build.0 = Release|Any CPU
		{F5C27A6D-243A-4866-AD6C-6CCBD02F52A2}.Debug|Any CPU.ActiveCfg = Debug|Any CPU
		{F5C27A6D-243A-4866-AD6C-6CCBD02F52A2}.Debug|Any CPU.Build.0 = Debug|Any CPU
		{F5C27A6D-243A-4866-AD6C-6CCBD02F52A2}.Release|Any CPU.ActiveCfg = Release|Any CPU
		{F5C27A6D-243A-4866-AD6C-6CCBD02F52A2}.Release|Any CPU.Build.0 = Release|Any CPU
		{68D19C4D-9FA1-48B5-B4B2-3202513F16A0}.Debug|Any CPU.ActiveCfg = Debug|Any CPU
		{68D19C4D-9FA1-48B5-B4B2-3202513F16A0}.Debug|Any CPU.Build.0 = Debug|Any CPU
		{68D19C4D-9FA1-48B5-B4B2-3202513F16A0}.Release|Any CPU.ActiveCfg = Release|Any CPU
		{68D19C4D-9FA1-48B5-B4B2-3202513F16A0}.Release|Any CPU.Build.0 = Release|Any CPU
		{58AC1634-42AC-4EF7-9D0C-42EB073106A5}.Debug|Any CPU.ActiveCfg = Debug|Any CPU
		{58AC1634-42AC-4EF7-9D0C-42EB073106A5}.Debug|Any CPU.Build.0 = Debug|Any CPU
		{58AC1634-42AC-4EF7-9D0C-42EB073106A5}.Release|Any CPU.ActiveCfg = Release|Any CPU
		{58AC1634-42AC-4EF7-9D0C-42EB073106A5}.Release|Any CPU.Build.0 = Release|Any CPU
		{198D08C7-2F91-49BB-BB81-C8D05C460CAA}.Debug|Any CPU.ActiveCfg = Debug|Any CPU
		{198D08C7-2F91-49BB-BB81-C8D05C460CAA}.Debug|Any CPU.Build.0 = Debug|Any CPU
		{198D08C7-2F91-49BB-BB81-C8D05C460CAA}.Release|Any CPU.ActiveCfg = Release|Any CPU
		{198D08C7-2F91-49BB-BB81-C8D05C460CAA}.Release|Any CPU.Build.0 = Release|Any CPU
		{CF59C7D2-E978-4F08-8234-F092EA8370FC}.Debug|Any CPU.ActiveCfg = Debug|Any CPU
		{CF59C7D2-E978-4F08-8234-F092EA8370FC}.Debug|Any CPU.Build.0 = Debug|Any CPU
		{CF59C7D2-E978-4F08-8234-F092EA8370FC}.Release|Any CPU.ActiveCfg = Release|Any CPU
		{CF59C7D2-E978-4F08-8234-F092EA8370FC}.Release|Any CPU.Build.0 = Release|Any CPU
		{FFFF5388-2A95-4982-B86B-A79B086DDA78}.Debug|Any CPU.ActiveCfg = Debug|Any CPU
		{FFFF5388-2A95-4982-B86B-A79B086DDA78}.Debug|Any CPU.Build.0 = Debug|Any CPU
		{FFFF5388-2A95-4982-B86B-A79B086DDA78}.Release|Any CPU.ActiveCfg = Release|Any CPU
		{FFFF5388-2A95-4982-B86B-A79B086DDA78}.Release|Any CPU.Build.0 = Release|Any CPU
		{8B27AD38-063F-4944-B089-ECC65032FD64}.Debug|Any CPU.ActiveCfg = Debug|Any CPU
		{8B27AD38-063F-4944-B089-ECC65032FD64}.Debug|Any CPU.Build.0 = Debug|Any CPU
		{8B27AD38-063F-4944-B089-ECC65032FD64}.Release|Any CPU.ActiveCfg = Release|Any CPU
		{8B27AD38-063F-4944-B089-ECC65032FD64}.Release|Any CPU.Build.0 = Release|Any CPU
	EndGlobalSection
	GlobalSection(SolutionProperties) = preSolution
		HideSolutionNode = FALSE
	EndGlobalSection
	GlobalSection(NestedProjects) = preSolution
		{F5C27A6D-243A-4866-AD6C-6CCBD02F52A2} = {BF5E8E4E-231C-4804-9124-B3B751C8FBF7}
	EndGlobalSection
	GlobalSection(ExtensibilityGlobals) = postSolution
		SolutionGuid = {0DB4F56F-97BD-4E7B-942A-8056B18A9C6D}
	EndGlobalSection
EndGlobal
